// !$*UTF8*$!
{
	archiveVersion = 1;
	classes = {
	};
	objectVersion = 54;
	objects = {

/* Begin PBXBuildFile section */
		4B27AD842C4ACC4E00661121 /* CareTaskProgressStrategy.swift in Sources */ = {isa = PBXBuildFile; fileRef = 4B27AD832C4ACC4E00661121 /* CareTaskProgressStrategy.swift */; };
		4B27AD8A2C4ACD8B00661121 /* CareTaskProgressStrategyTests.swift in Sources */ = {isa = PBXBuildFile; fileRef = 4B27AD852C4ACC6700661121 /* CareTaskProgressStrategyTests.swift */; };
		4B27AD942C4B207B00661121 /* OCKEvent.swift in Sources */ = {isa = PBXBuildFile; fileRef = 4B27AD8D2C4AD26000661121 /* OCKEvent.swift */; };
		4B5FB0C82C3F4AD200855675 /* LinearCareTaskProgressTests.swift in Sources */ = {isa = PBXBuildFile; fileRef = 4B5FB0C02C3F4ACB00855675 /* LinearCareTaskProgressTests.swift */; };
		700DA9052C2A609600435E2C /* CareKitEssentialView.swift in Sources */ = {isa = PBXBuildFile; fileRef = 700DA9042C2A609600435E2C /* CareKitEssentialView.swift */; };
		700DA9072C2A66BF00435E2C /* Logger.swift in Sources */ = {isa = PBXBuildFile; fileRef = 700DA9062C2A66BF00435E2C /* Logger.swift */; };
		70116AF12DBC634D0024BB89 /* CKEDataSeries+AXChartDescriptorRepresentable.swift in Sources */ = {isa = PBXBuildFile; fileRef = 70116AF02DBC632E0024BB89 /* CKEDataSeries+AXChartDescriptorRepresentable.swift */; };
		70116AF52DBDC5B10024BB89 /* DateComponentsForProgress.swift in Sources */ = {isa = PBXBuildFile; fileRef = 70116AF42DBDC5AF0024BB89 /* DateComponentsForProgress.swift */; };
		70116AF92DBDF5E30024BB89 /* CareKitEssentialChartable.swift in Sources */ = {isa = PBXBuildFile; fileRef = 70116AF82DBDF5E20024BB89 /* CareKitEssentialChartable.swift */; };
		7026DDEB2D0CD489002EACAA /* OCKScheduleElement+Hashable.swift in Sources */ = {isa = PBXBuildFile; fileRef = 7026DDEA2D0CD47F002EACAA /* OCKScheduleElement+Hashable.swift */; };
		7026DDED2D0CD600002EACAA /* OCKSemanticVersion+Hashable.swift in Sources */ = {isa = PBXBuildFile; fileRef = 7026DDEC2D0CD5FD002EACAA /* OCKSemanticVersion+Hashable.swift */; };
		7026DDEF2D0CD750002EACAA /* OCKNote+Hashable.swift in Sources */ = {isa = PBXBuildFile; fileRef = 7026DDEE2D0CD74E002EACAA /* OCKNote+Hashable.swift */; };
		7026DDF12D0CD7E2002EACAA /* OCKSchedule+Hashable.swift in Sources */ = {isa = PBXBuildFile; fileRef = 7026DDF02D0CD7DB002EACAA /* OCKSchedule+Hashable.swift */; };
		7026DDF32D0CD7F2002EACAA /* OCKScheduleEvent+Hashable.swift in Sources */ = {isa = PBXBuildFile; fileRef = 7026DDF22D0CD7EE002EACAA /* OCKScheduleEvent+Hashable.swift */; };
		7026DDF52D0D2AF2002EACAA /* OCKAnyEvent+Comparable.swift in Sources */ = {isa = PBXBuildFile; fileRef = 7026DDF42D0D2AE6002EACAA /* OCKAnyEvent+Comparable.swift */; };
		7026DDF72D0D2B33002EACAA /* OCKAnyEvent+Equatable.swift in Sources */ = {isa = PBXBuildFile; fileRef = 7026DDF62D0D2B2C002EACAA /* OCKAnyEvent+Equatable.swift */; };
		7026DDFB2D0D3C86002EACAA /* CareStoreFetchedResult+Hashable.swift in Sources */ = {isa = PBXBuildFile; fileRef = 7026DDFA2D0D3C80002EACAA /* CareStoreFetchedResult+Hashable.swift */; };
		7026DDFD2D0D45B9002EACAA /* OCKStore+Hashable.swift in Sources */ = {isa = PBXBuildFile; fileRef = 7026DDFC2D0D45B4002EACAA /* OCKStore+Hashable.swift */; };
		702FF76B2CFAA93C00B26710 /* CareKitEssentialChartView.swift in Sources */ = {isa = PBXBuildFile; fileRef = 702FF76A2CFAA93C00B26710 /* CareKitEssentialChartView.swift */; };
		702FF76D2CFAA96100B26710 /* CKEDataSeries.swift in Sources */ = {isa = PBXBuildFile; fileRef = 702FF76C2CFAA96100B26710 /* CKEDataSeries.swift */; };
		702FF76F2CFAA96800B26710 /* CKEDataSeriesConfiguration.swift in Sources */ = {isa = PBXBuildFile; fileRef = 702FF76E2CFAA96800B26710 /* CKEDataSeriesConfiguration.swift */; };
		702FF7712CFAA96B00B26710 /* CKEPoint.swift in Sources */ = {isa = PBXBuildFile; fileRef = 702FF7702CFAA96B00B26710 /* CKEPoint.swift */; };
		702FF7732CFAA97500B26710 /* TemporalProgress.swift in Sources */ = {isa = PBXBuildFile; fileRef = 702FF7722CFAA97500B26710 /* TemporalProgress.swift */; };
		702FF7752CFAA97800B26710 /* TemporalTaskProgress.swift in Sources */ = {isa = PBXBuildFile; fileRef = 702FF7742CFAA97800B26710 /* TemporalTaskProgress.swift */; };
		702FF7772CFAAF0300B26710 /* CareKitEssentialChartHeaderView.swift in Sources */ = {isa = PBXBuildFile; fileRef = 702FF7762CFAAF0300B26710 /* CareKitEssentialChartHeaderView.swift */; };
		702FF7792CFCFEBD00B26710 /* CareKitEssentialChartBodyView.swift in Sources */ = {isa = PBXBuildFile; fileRef = 702FF7782CFCFEBD00B26710 /* CareKitEssentialChartBodyView.swift */; };
		702FF7812CFE5B0400B26710 /* ChartContent+Default.swift in Sources */ = {isa = PBXBuildFile; fileRef = 702FF7802CFE5B0400B26710 /* ChartContent+Default.swift */; };
		7068BD3D2D62774400212E4A /* OCKHealthKitPassthroughStore.swift in Sources */ = {isa = PBXBuildFile; fileRef = 7068BD3C2D62774200212E4A /* OCKHealthKitPassthroughStore.swift */; };
		7068BD3F2D6277C500212E4A /* OCKHealthKitTask+Hashable.swift in Sources */ = {isa = PBXBuildFile; fileRef = 7068BD3E2D6277C000212E4A /* OCKHealthKitTask+Hashable.swift */; };
		7068BD412D62788E00212E4A /* OCKHealthKitLinkage+Hashable.swift in Sources */ = {isa = PBXBuildFile; fileRef = 7068BD402D62788A00212E4A /* OCKHealthKitLinkage+Hashable.swift */; };
		70721CE42D658EC300270799 /* OCKOutcomeValue+Sequence.swift in Sources */ = {isa = PBXBuildFile; fileRef = 70721CE32D658EBC00270799 /* OCKOutcomeValue+Sequence.swift */; };
		70721CE62D65990700270799 /* OCKOutcomeValueExtensionsTests.swift in Sources */ = {isa = PBXBuildFile; fileRef = 70721CE52D65990700270799 /* OCKOutcomeValueExtensionsTests.swift */; };
		7081E0212D050136004937F6 /* CareStoreFetchedResults+Sequence.swift in Sources */ = {isa = PBXBuildFile; fileRef = 7081E0202D050136004937F6 /* CareStoreFetchedResults+Sequence.swift */; };
		709530AF2DAC398300E18A59 /* ResearchCareForm.swift in Sources */ = {isa = PBXBuildFile; fileRef = 709530AE2DAC398300E18A59 /* ResearchCareForm.swift */; };
		709530B02DAC398300E18A59 /* ResearchSurveyView.swift in Sources */ = {isa = PBXBuildFile; fileRef = 709530AD2DAC398300E18A59 /* ResearchSurveyView.swift */; };
		709530B32DAC3AFB00E18A59 /* SurveyQuestion.swift in Sources */ = {isa = PBXBuildFile; fileRef = 709530B12DAC3AFB00E18A59 /* SurveyQuestion.swift */; };
		709530B42DAC3AFB00E18A59 /* SurveyStep.swift in Sources */ = {isa = PBXBuildFile; fileRef = 709530B22DAC3AFB00E18A59 /* SurveyStep.swift */; };
		709530B62DAC3CA300E18A59 /* OCKTask+ResearchKitSwiftUI.swift in Sources */ = {isa = PBXBuildFile; fileRef = 709530B52DAC3CA300E18A59 /* OCKTask+ResearchKitSwiftUI.swift */; };
		709530B82DAC3DFF00E18A59 /* CareKitEssentialsUserInfoKey.swift in Sources */ = {isa = PBXBuildFile; fileRef = 709530B72DAC3DF400E18A59 /* CareKitEssentialsUserInfoKey.swift */; };
		70B49A602D06A2520023E5B3 /* SimpleLabelView.swift in Sources */ = {isa = PBXBuildFile; fileRef = 70B49A5F2D06A2520023E5B3 /* SimpleLabelView.swift */; };
		70B49A7D2D0A53FA0023E5B3 /* OCKAnyEvent+Hashable.swift in Sources */ = {isa = PBXBuildFile; fileRef = 70B49A7C2D0A53FA0023E5B3 /* OCKAnyEvent+Hashable.swift */; };
		70B49A7F2D0A54400023E5B3 /* OCKTask+Hashable.swift in Sources */ = {isa = PBXBuildFile; fileRef = 70B49A7E2D0A54380023E5B3 /* OCKTask+Hashable.swift */; };
		70B49A832D0A56970023E5B3 /* OCKOutcome+Hashable.swift in Sources */ = {isa = PBXBuildFile; fileRef = 70B49A822D0A56910023E5B3 /* OCKOutcome+Hashable.swift */; };
		70B49A852D0A56C10023E5B3 /* OCKOutcomeValue+Hashable.swift in Sources */ = {isa = PBXBuildFile; fileRef = 70B49A842D0A56B70023E5B3 /* OCKOutcomeValue+Hashable.swift */; };
		70B49A892D0A83E10023E5B3 /* Double.swift in Sources */ = {isa = PBXBuildFile; fileRef = 70B49A882D0A83E10023E5B3 /* Double.swift */; };
		70B49A8B2D0A86C80023E5B3 /* CareStoreFetchedResult.swift in Sources */ = {isa = PBXBuildFile; fileRef = 70B49A8A2D0A86B30023E5B3 /* CareStoreFetchedResult.swift */; };
		70B49A8D2D0A88B30023E5B3 /* OCKAnyEventStore.swift in Sources */ = {isa = PBXBuildFile; fileRef = 70B49A8C2D0A88A80023E5B3 /* OCKAnyEventStore.swift */; };
		70BBCB472A12B8F500759A9C /* CardEnabledEnvironmentKey.swift in Sources */ = {isa = PBXBuildFile; fileRef = 70BBCB462A12B8F500759A9C /* CardEnabledEnvironmentKey.swift */; };
		70BBCB492A12B9B300759A9C /* OCKScheduleEvent+Comparable.swift in Sources */ = {isa = PBXBuildFile; fileRef = 70BBCB482A12B9B300759A9C /* OCKScheduleEvent+Comparable.swift */; };
		70BBCB4E2A12BB0500759A9C /* SliderLogTaskView.swift in Sources */ = {isa = PBXBuildFile; fileRef = 70BBCB4D2A12BB0500759A9C /* SliderLogTaskView.swift */; };
		70BBCB512A12BD5000759A9C /* SliderStyle.swift in Sources */ = {isa = PBXBuildFile; fileRef = 70BBCB502A12BD5000759A9C /* SliderStyle.swift */; };
		70BBCB532A12BDAD00759A9C /* Slider.swift in Sources */ = {isa = PBXBuildFile; fileRef = 70BBCB522A12BDAC00759A9C /* Slider.swift */; };
		70BBCB552A12BDBD00759A9C /* SliderLogButton.swift in Sources */ = {isa = PBXBuildFile; fileRef = 70BBCB542A12BDBD00759A9C /* SliderLogButton.swift */; };
		70BBCB572A14164E00759A9C /* SliderLogTaskViewModel.swift in Sources */ = {isa = PBXBuildFile; fileRef = 70BBCB562A14164E00759A9C /* SliderLogTaskViewModel.swift */; };
		70C422CA2C3B681A00E6DC51 /* OCKAnyOutcome+Sequence.swift in Sources */ = {isa = PBXBuildFile; fileRef = 70C422C92C3B681A00E6DC51 /* OCKAnyOutcome+Sequence.swift */; };
		70C422D22C3B6C7600E6DC51 /* TestHostApp.swift in Sources */ = {isa = PBXBuildFile; fileRef = 70C422D12C3B6C7600E6DC51 /* TestHostApp.swift */; };
		70C422D42C3B6C7600E6DC51 /* ContentView.swift in Sources */ = {isa = PBXBuildFile; fileRef = 70C422D32C3B6C7600E6DC51 /* ContentView.swift */; };
		70C422D62C3B6C7600E6DC51 /* Assets.xcassets in Resources */ = {isa = PBXBuildFile; fileRef = 70C422D52C3B6C7600E6DC51 /* Assets.xcassets */; };
		70C422DA2C3B6C7600E6DC51 /* Preview Assets.xcassets in Resources */ = {isa = PBXBuildFile; fileRef = 70C422D92C3B6C7600E6DC51 /* Preview Assets.xcassets */; };
		70C422DF2C3B6C8D00E6DC51 /* CareKitEssentials.framework in Frameworks */ = {isa = PBXBuildFile; fileRef = "carekitessentials::CareKitEssentials::Product" /* CareKitEssentials.framework */; };
		70C422E02C3B6C8D00E6DC51 /* CareKitEssentials.framework in Embed Frameworks */ = {isa = PBXBuildFile; fileRef = "carekitessentials::CareKitEssentials::Product" /* CareKitEssentials.framework */; settings = {ATTRIBUTES = (CodeSignOnCopy, RemoveHeadersOnCopy, ); }; };
		70CA3AFA2DB8C28E002CDC50 /* OCKStoreCoordinator+Hashable.swift in Sources */ = {isa = PBXBuildFile; fileRef = 70CA3AF92DB8C28E002CDC50 /* OCKStoreCoordinator+Hashable.swift */; };
		70E342102DB02510005124F9 /* OCKOutcomeValue+ResearchKitSwiftUIResult.swift in Sources */ = {isa = PBXBuildFile; fileRef = 70E3420F2DB02507005124F9 /* OCKOutcomeValue+ResearchKitSwiftUIResult.swift */; };
		70EBE30C2D19FC0F00517D5E /* EventWithContentViewable.swift in Sources */ = {isa = PBXBuildFile; fileRef = 70EBE30B2D19FC0F00517D5E /* EventWithContentViewable.swift */; };
		70EBE30D2D19FC0F00517D5E /* EventViewable.swift in Sources */ = {isa = PBXBuildFile; fileRef = 70EBE30A2D19FC0F00517D5E /* EventViewable.swift */; };
		70EBE3102D19FC2A00517D5E /* EventQueryView.swift in Sources */ = {isa = PBXBuildFile; fileRef = 70EBE30F2D19FC2A00517D5E /* EventQueryView.swift */; };
		70EBE3112D19FC2A00517D5E /* EventQueryContentView.swift in Sources */ = {isa = PBXBuildFile; fileRef = 70EBE30E2D19FC2A00517D5E /* EventQueryContentView.swift */; };
		70EBE3132D19FF0200517D5E /* SimpleTaskView+CareStoreFetchedViewable.swift in Sources */ = {isa = PBXBuildFile; fileRef = 70EBE3122D19FEE600517D5E /* SimpleTaskView+CareStoreFetchedViewable.swift */; };
		70EBE3152D19FF9700517D5E /* InstructionsTaskView+CareStoreFetchedViewable.swift in Sources */ = {isa = PBXBuildFile; fileRef = 70EBE3142D19FF8D00517D5E /* InstructionsTaskView+CareStoreFetchedViewable.swift */; };
		70EBE3172D19FFE900517D5E /* LabeledValueTaskView+CareStoreFetchedViewable.swift in Sources */ = {isa = PBXBuildFile; fileRef = 70EBE3162D19FFE900517D5E /* LabeledValueTaskView+CareStoreFetchedViewable.swift */; };
		70EBE3192D19FFF700517D5E /* NumericProgressTaskView+CareStoreFetchedViewable.swift in Sources */ = {isa = PBXBuildFile; fileRef = 70EBE3182D19FFF700517D5E /* NumericProgressTaskView+CareStoreFetchedViewable.swift */; };
		70FDC6162C387C9F00A32137 /* NSImage.swift in Sources */ = {isa = PBXBuildFile; fileRef = 70FDC6152C387C9F00A32137 /* NSImage.swift */; };
		911BDB262A11C437004F8442 /* View+Default.swift in Sources */ = {isa = PBXBuildFile; fileRef = 911BDB252A11C437004F8442 /* View+Default.swift */; };
		911BDB282A11C491004F8442 /* CGFloat.swift in Sources */ = {isa = PBXBuildFile; fileRef = 911BDB272A11C491004F8442 /* CGFloat.swift */; };
		911BDB2C2A12F0D3004F8442 /* CareKitEssentialsError.swift in Sources */ = {isa = PBXBuildFile; fileRef = 911BDB2B2A12F0D3004F8442 /* CareKitEssentialsError.swift */; };
		911BDB322A130A2B004F8442 /* Utility.swift in Sources */ = {isa = PBXBuildFile; fileRef = 911BDB312A130A2B004F8442 /* Utility.swift */; };
		911BDB342A130AF9004F8442 /* OCKStore.swift in Sources */ = {isa = PBXBuildFile; fileRef = 911BDB332A130AF9004F8442 /* OCKStore.swift */; };
		91A9E7DE2A19758300F3414D /* NumericProgressTaskView.swift in Sources */ = {isa = PBXBuildFile; fileRef = 91A9E7DD2A19758300F3414D /* NumericProgressTaskView.swift */; };
		91A9E7E02A19784800F3414D /* LabeledValueTaskView.swift in Sources */ = {isa = PBXBuildFile; fileRef = 91A9E7DF2A19784800F3414D /* LabeledValueTaskView.swift */; };
		91A9E7E22A197A7300F3414D /* InstructionsTaskView.swift in Sources */ = {isa = PBXBuildFile; fileRef = 91A9E7E12A197A7300F3414D /* InstructionsTaskView.swift */; };
		91A9E7E42A197A9300F3414D /* SimpleTaskView.swift in Sources */ = {isa = PBXBuildFile; fileRef = 91A9E7E32A197A9300F3414D /* SimpleTaskView.swift */; };
		91F46E152A11C1A2002EBDDD /* CareKit in Frameworks */ = {isa = PBXBuildFile; productRef = 91F46E142A11C1A2002EBDDD /* CareKit */; };
		91F46E172A11C1A2002EBDDD /* CareKitStore in Frameworks */ = {isa = PBXBuildFile; productRef = 91F46E162A11C1A2002EBDDD /* CareKitStore */; };
		91F46E192A11C1A2002EBDDD /* CareKitUI in Frameworks */ = {isa = PBXBuildFile; productRef = 91F46E182A11C1A2002EBDDD /* CareKitUI */; };
		OBJ_740 /* CustomLabelView.swift in Sources */ = {isa = PBXBuildFile; fileRef = OBJ_11 /* CustomLabelView.swift */; };
		OBJ_742 /* DetailsView.swift in Sources */ = {isa = PBXBuildFile; fileRef = OBJ_13 /* DetailsView.swift */; };
		OBJ_743 /* DigitalCrownView.swift in Sources */ = {isa = PBXBuildFile; fileRef = OBJ_15 /* DigitalCrownView.swift */; };
		OBJ_744 /* DigitalCrownViewFooter.swift in Sources */ = {isa = PBXBuildFile; fileRef = OBJ_16 /* DigitalCrownViewFooter.swift */; };
		OBJ_745 /* DigitalCrownViewHeader.swift in Sources */ = {isa = PBXBuildFile; fileRef = OBJ_17 /* DigitalCrownViewHeader.swift */; };
		OBJ_746 /* DigitalCrownViewModel.swift in Sources */ = {isa = PBXBuildFile; fileRef = OBJ_18 /* DigitalCrownViewModel.swift */; };
		OBJ_749 /* InformationHeaderView.swift in Sources */ = {isa = PBXBuildFile; fileRef = OBJ_22 /* InformationHeaderView.swift */; };
		OBJ_750 /* CardViewModel.swift in Sources */ = {isa = PBXBuildFile; fileRef = OBJ_23 /* CardViewModel.swift */; };
		OBJ_752 /* Calendar+Dates.swift in Sources */ = {isa = PBXBuildFile; fileRef = OBJ_26 /* Calendar+Dates.swift */; };
		OBJ_753 /* Image.swift in Sources */ = {isa = PBXBuildFile; fileRef = OBJ_27 /* Image.swift */; };
		OBJ_754 /* OCKAnyEvent+CustomStringConvertable.swift in Sources */ = {isa = PBXBuildFile; fileRef = OBJ_28 /* OCKAnyEvent+CustomStringConvertable.swift */; };
		OBJ_755 /* OCKAnyEvent.swift in Sources */ = {isa = PBXBuildFile; fileRef = OBJ_29 /* OCKAnyEvent.swift */; };
		OBJ_756 /* OCKAnyOutcome.swift in Sources */ = {isa = PBXBuildFile; fileRef = OBJ_30 /* OCKAnyOutcome.swift */; };
		OBJ_757 /* OCKBiologicalSex+Hashable.swift in Sources */ = {isa = PBXBuildFile; fileRef = OBJ_31 /* OCKBiologicalSex+Hashable.swift */; };
		OBJ_758 /* LinearCareTaskProgress+Math.swift in Sources */ = {isa = PBXBuildFile; fileRef = OBJ_32 /* LinearCareTaskProgress+Math.swift */; };
		OBJ_759 /* OCKOutcome.swift in Sources */ = {isa = PBXBuildFile; fileRef = OBJ_33 /* OCKOutcome.swift */; };
		OBJ_760 /* OCKOutcomeValue+Identifiable.swift in Sources */ = {isa = PBXBuildFile; fileRef = OBJ_34 /* OCKOutcomeValue+Identifiable.swift */; };
		OBJ_765 /* UIImage.swift in Sources */ = {isa = PBXBuildFile; fileRef = OBJ_39 /* UIImage.swift */; };
		OBJ_766 /* OSValue.swift in Sources */ = {isa = PBXBuildFile; fileRef = OBJ_41 /* OSValue.swift */; };
		OBJ_767 /* ScheduleUtility.swift in Sources */ = {isa = PBXBuildFile; fileRef = OBJ_42 /* ScheduleUtility.swift */; };
		OBJ_791 /* OCKOutcomeExtensionsTests.swift in Sources */ = {isa = PBXBuildFile; fileRef = OBJ_45 /* OCKOutcomeExtensionsTests.swift */; };
		OBJ_793 /* CareKitEssentials.framework in Frameworks */ = {isa = PBXBuildFile; fileRef = "carekitessentials::CareKitEssentials::Product" /* CareKitEssentials.framework */; };
/* End PBXBuildFile section */

/* Begin PBXContainerItemProxy section */
		70C422E12C3B6C8D00E6DC51 /* PBXContainerItemProxy */ = {
			isa = PBXContainerItemProxy;
			containerPortal = OBJ_1 /* Project object */;
			proxyType = 1;
			remoteGlobalIDString = "carekitessentials::CareKitEssentials";
			remoteInfo = CareKitEssentials;
		};
		70C422E42C3B6CA000E6DC51 /* PBXContainerItemProxy */ = {
			isa = PBXContainerItemProxy;
			containerPortal = OBJ_1 /* Project object */;
			proxyType = 1;
			remoteGlobalIDString = 70C422CE2C3B6C7600E6DC51;
			remoteInfo = TestHost;
		};
		91F46E0E2A11BF70002EBDDD /* PBXContainerItemProxy */ = {
			isa = PBXContainerItemProxy;
			containerPortal = OBJ_1 /* Project object */;
			proxyType = 1;
			remoteGlobalIDString = "carekitessentials::CareKitEssentials";
			remoteInfo = CareKitEssentials;
		};
/* End PBXContainerItemProxy section */

/* Begin PBXCopyFilesBuildPhase section */
		70C422E32C3B6C8D00E6DC51 /* Embed Frameworks */ = {
			isa = PBXCopyFilesBuildPhase;
			buildActionMask = 2147483647;
			dstPath = "";
			dstSubfolderSpec = 10;
			files = (
				70C422E02C3B6C8D00E6DC51 /* CareKitEssentials.framework in Embed Frameworks */,
			);
			name = "Embed Frameworks";
			runOnlyForDeploymentPostprocessing = 0;
		};
/* End PBXCopyFilesBuildPhase section */

/* Begin PBXFileReference section */
		4B27AD832C4ACC4E00661121 /* CareTaskProgressStrategy.swift */ = {isa = PBXFileReference; fileEncoding = 4; lastKnownFileType = sourcecode.swift; path = CareTaskProgressStrategy.swift; sourceTree = "<group>"; };
		4B27AD852C4ACC6700661121 /* CareTaskProgressStrategyTests.swift */ = {isa = PBXFileReference; fileEncoding = 4; lastKnownFileType = sourcecode.swift; path = CareTaskProgressStrategyTests.swift; sourceTree = "<group>"; };
		4B27AD8D2C4AD26000661121 /* OCKEvent.swift */ = {isa = PBXFileReference; fileEncoding = 4; lastKnownFileType = sourcecode.swift; path = OCKEvent.swift; sourceTree = "<group>"; };
		4B5FB0C02C3F4ACB00855675 /* LinearCareTaskProgressTests.swift */ = {isa = PBXFileReference; lastKnownFileType = sourcecode.swift; path = LinearCareTaskProgressTests.swift; sourceTree = "<group>"; };
		700DA8F92C29051900435E2C /* CareKitEssentials.xctestplan */ = {isa = PBXFileReference; lastKnownFileType = text; path = CareKitEssentials.xctestplan; sourceTree = "<group>"; };
		700DA9042C2A609600435E2C /* CareKitEssentialView.swift */ = {isa = PBXFileReference; lastKnownFileType = sourcecode.swift; path = CareKitEssentialView.swift; sourceTree = "<group>"; };
		700DA9062C2A66BF00435E2C /* Logger.swift */ = {isa = PBXFileReference; lastKnownFileType = sourcecode.swift; path = Logger.swift; sourceTree = "<group>"; };
		70116AF02DBC632E0024BB89 /* CKEDataSeries+AXChartDescriptorRepresentable.swift */ = {isa = PBXFileReference; lastKnownFileType = sourcecode.swift; path = "CKEDataSeries+AXChartDescriptorRepresentable.swift"; sourceTree = "<group>"; };
		70116AF42DBDC5AF0024BB89 /* DateComponentsForProgress.swift */ = {isa = PBXFileReference; lastKnownFileType = sourcecode.swift; path = DateComponentsForProgress.swift; sourceTree = "<group>"; };
		70116AF82DBDF5E20024BB89 /* CareKitEssentialChartable.swift */ = {isa = PBXFileReference; lastKnownFileType = sourcecode.swift; path = CareKitEssentialChartable.swift; sourceTree = "<group>"; };
		7026DDEA2D0CD47F002EACAA /* OCKScheduleElement+Hashable.swift */ = {isa = PBXFileReference; lastKnownFileType = sourcecode.swift; path = "OCKScheduleElement+Hashable.swift"; sourceTree = "<group>"; };
		7026DDEC2D0CD5FD002EACAA /* OCKSemanticVersion+Hashable.swift */ = {isa = PBXFileReference; lastKnownFileType = sourcecode.swift; path = "OCKSemanticVersion+Hashable.swift"; sourceTree = "<group>"; };
		7026DDEE2D0CD74E002EACAA /* OCKNote+Hashable.swift */ = {isa = PBXFileReference; lastKnownFileType = sourcecode.swift; path = "OCKNote+Hashable.swift"; sourceTree = "<group>"; };
		7026DDF02D0CD7DB002EACAA /* OCKSchedule+Hashable.swift */ = {isa = PBXFileReference; lastKnownFileType = sourcecode.swift; path = "OCKSchedule+Hashable.swift"; sourceTree = "<group>"; };
		7026DDF22D0CD7EE002EACAA /* OCKScheduleEvent+Hashable.swift */ = {isa = PBXFileReference; lastKnownFileType = sourcecode.swift; path = "OCKScheduleEvent+Hashable.swift"; sourceTree = "<group>"; };
		7026DDF42D0D2AE6002EACAA /* OCKAnyEvent+Comparable.swift */ = {isa = PBXFileReference; lastKnownFileType = sourcecode.swift; path = "OCKAnyEvent+Comparable.swift"; sourceTree = "<group>"; };
		7026DDF62D0D2B2C002EACAA /* OCKAnyEvent+Equatable.swift */ = {isa = PBXFileReference; lastKnownFileType = sourcecode.swift; path = "OCKAnyEvent+Equatable.swift"; sourceTree = "<group>"; };
		7026DDFA2D0D3C80002EACAA /* CareStoreFetchedResult+Hashable.swift */ = {isa = PBXFileReference; lastKnownFileType = sourcecode.swift; path = "CareStoreFetchedResult+Hashable.swift"; sourceTree = "<group>"; };
		7026DDFC2D0D45B4002EACAA /* OCKStore+Hashable.swift */ = {isa = PBXFileReference; lastKnownFileType = sourcecode.swift; path = "OCKStore+Hashable.swift"; sourceTree = "<group>"; };
		702FF76A2CFAA93C00B26710 /* CareKitEssentialChartView.swift */ = {isa = PBXFileReference; lastKnownFileType = sourcecode.swift; path = CareKitEssentialChartView.swift; sourceTree = "<group>"; };
		702FF76C2CFAA96100B26710 /* CKEDataSeries.swift */ = {isa = PBXFileReference; lastKnownFileType = sourcecode.swift; path = CKEDataSeries.swift; sourceTree = "<group>"; };
		702FF76E2CFAA96800B26710 /* CKEDataSeriesConfiguration.swift */ = {isa = PBXFileReference; lastKnownFileType = sourcecode.swift; path = CKEDataSeriesConfiguration.swift; sourceTree = "<group>"; };
		702FF7702CFAA96B00B26710 /* CKEPoint.swift */ = {isa = PBXFileReference; lastKnownFileType = sourcecode.swift; path = CKEPoint.swift; sourceTree = "<group>"; };
		702FF7722CFAA97500B26710 /* TemporalProgress.swift */ = {isa = PBXFileReference; lastKnownFileType = sourcecode.swift; path = TemporalProgress.swift; sourceTree = "<group>"; };
		702FF7742CFAA97800B26710 /* TemporalTaskProgress.swift */ = {isa = PBXFileReference; lastKnownFileType = sourcecode.swift; path = TemporalTaskProgress.swift; sourceTree = "<group>"; };
		702FF7762CFAAF0300B26710 /* CareKitEssentialChartHeaderView.swift */ = {isa = PBXFileReference; lastKnownFileType = sourcecode.swift; path = CareKitEssentialChartHeaderView.swift; sourceTree = "<group>"; };
		702FF7782CFCFEBD00B26710 /* CareKitEssentialChartBodyView.swift */ = {isa = PBXFileReference; lastKnownFileType = sourcecode.swift; path = CareKitEssentialChartBodyView.swift; sourceTree = "<group>"; };
		702FF7802CFE5B0400B26710 /* ChartContent+Default.swift */ = {isa = PBXFileReference; lastKnownFileType = sourcecode.swift; path = "ChartContent+Default.swift"; sourceTree = "<group>"; };
		704D03532DBA132C00AFE855 /* en */ = {isa = PBXFileReference; lastKnownFileType = text.plist.strings; name = en; path = Localizable.strings; sourceTree = "<group>"; };
		7068BD3C2D62774200212E4A /* OCKHealthKitPassthroughStore.swift */ = {isa = PBXFileReference; lastKnownFileType = sourcecode.swift; path = OCKHealthKitPassthroughStore.swift; sourceTree = "<group>"; };
		7068BD3E2D6277C000212E4A /* OCKHealthKitTask+Hashable.swift */ = {isa = PBXFileReference; lastKnownFileType = sourcecode.swift; path = "OCKHealthKitTask+Hashable.swift"; sourceTree = "<group>"; };
		7068BD402D62788A00212E4A /* OCKHealthKitLinkage+Hashable.swift */ = {isa = PBXFileReference; lastKnownFileType = sourcecode.swift; path = "OCKHealthKitLinkage+Hashable.swift"; sourceTree = "<group>"; };
		70721CE32D658EBC00270799 /* OCKOutcomeValue+Sequence.swift */ = {isa = PBXFileReference; lastKnownFileType = sourcecode.swift; path = "OCKOutcomeValue+Sequence.swift"; sourceTree = "<group>"; };
		70721CE52D65990700270799 /* OCKOutcomeValueExtensionsTests.swift */ = {isa = PBXFileReference; lastKnownFileType = sourcecode.swift; path = OCKOutcomeValueExtensionsTests.swift; sourceTree = "<group>"; };
		7081E0202D050136004937F6 /* CareStoreFetchedResults+Sequence.swift */ = {isa = PBXFileReference; lastKnownFileType = sourcecode.swift; path = "CareStoreFetchedResults+Sequence.swift"; sourceTree = "<group>"; };
		709530AD2DAC398300E18A59 /* ResearchSurveyView.swift */ = {isa = PBXFileReference; lastKnownFileType = sourcecode.swift; path = ResearchSurveyView.swift; sourceTree = "<group>"; };
		709530AE2DAC398300E18A59 /* ResearchCareForm.swift */ = {isa = PBXFileReference; lastKnownFileType = sourcecode.swift; path = ResearchCareForm.swift; sourceTree = "<group>"; };
		709530B12DAC3AFB00E18A59 /* SurveyQuestion.swift */ = {isa = PBXFileReference; lastKnownFileType = sourcecode.swift; path = SurveyQuestion.swift; sourceTree = "<group>"; };
		709530B22DAC3AFB00E18A59 /* SurveyStep.swift */ = {isa = PBXFileReference; lastKnownFileType = sourcecode.swift; path = SurveyStep.swift; sourceTree = "<group>"; };
		709530B52DAC3CA300E18A59 /* OCKTask+ResearchKitSwiftUI.swift */ = {isa = PBXFileReference; lastKnownFileType = sourcecode.swift; path = "OCKTask+ResearchKitSwiftUI.swift"; sourceTree = "<group>"; };
		709530B72DAC3DF400E18A59 /* CareKitEssentialsUserInfoKey.swift */ = {isa = PBXFileReference; lastKnownFileType = sourcecode.swift; path = CareKitEssentialsUserInfoKey.swift; sourceTree = "<group>"; };
		70B49A5F2D06A2520023E5B3 /* SimpleLabelView.swift */ = {isa = PBXFileReference; lastKnownFileType = sourcecode.swift; path = SimpleLabelView.swift; sourceTree = "<group>"; };
		70B49A7C2D0A53FA0023E5B3 /* OCKAnyEvent+Hashable.swift */ = {isa = PBXFileReference; lastKnownFileType = sourcecode.swift; path = "OCKAnyEvent+Hashable.swift"; sourceTree = "<group>"; };
		70B49A7E2D0A54380023E5B3 /* OCKTask+Hashable.swift */ = {isa = PBXFileReference; lastKnownFileType = sourcecode.swift; path = "OCKTask+Hashable.swift"; sourceTree = "<group>"; };
		70B49A822D0A56910023E5B3 /* OCKOutcome+Hashable.swift */ = {isa = PBXFileReference; lastKnownFileType = sourcecode.swift; path = "OCKOutcome+Hashable.swift"; sourceTree = "<group>"; };
		70B49A842D0A56B70023E5B3 /* OCKOutcomeValue+Hashable.swift */ = {isa = PBXFileReference; lastKnownFileType = sourcecode.swift; path = "OCKOutcomeValue+Hashable.swift"; sourceTree = "<group>"; };
		70B49A882D0A83E10023E5B3 /* Double.swift */ = {isa = PBXFileReference; lastKnownFileType = sourcecode.swift; path = Double.swift; sourceTree = "<group>"; };
		70B49A8A2D0A86B30023E5B3 /* CareStoreFetchedResult.swift */ = {isa = PBXFileReference; lastKnownFileType = sourcecode.swift; path = CareStoreFetchedResult.swift; sourceTree = "<group>"; };
		70B49A8C2D0A88A80023E5B3 /* OCKAnyEventStore.swift */ = {isa = PBXFileReference; lastKnownFileType = sourcecode.swift; path = OCKAnyEventStore.swift; sourceTree = "<group>"; };
		70BBCB462A12B8F500759A9C /* CardEnabledEnvironmentKey.swift */ = {isa = PBXFileReference; lastKnownFileType = sourcecode.swift; path = CardEnabledEnvironmentKey.swift; sourceTree = "<group>"; };
		70BBCB482A12B9B300759A9C /* OCKScheduleEvent+Comparable.swift */ = {isa = PBXFileReference; lastKnownFileType = sourcecode.swift; path = "OCKScheduleEvent+Comparable.swift"; sourceTree = "<group>"; };
		70BBCB4D2A12BB0500759A9C /* SliderLogTaskView.swift */ = {isa = PBXFileReference; fileEncoding = 4; lastKnownFileType = sourcecode.swift; path = SliderLogTaskView.swift; sourceTree = "<group>"; };
		70BBCB502A12BD5000759A9C /* SliderStyle.swift */ = {isa = PBXFileReference; fileEncoding = 4; lastKnownFileType = sourcecode.swift; path = SliderStyle.swift; sourceTree = "<group>"; };
		70BBCB522A12BDAC00759A9C /* Slider.swift */ = {isa = PBXFileReference; fileEncoding = 4; lastKnownFileType = sourcecode.swift; path = Slider.swift; sourceTree = "<group>"; };
		70BBCB542A12BDBD00759A9C /* SliderLogButton.swift */ = {isa = PBXFileReference; fileEncoding = 4; lastKnownFileType = sourcecode.swift; path = SliderLogButton.swift; sourceTree = "<group>"; };
		70BBCB562A14164E00759A9C /* SliderLogTaskViewModel.swift */ = {isa = PBXFileReference; lastKnownFileType = sourcecode.swift; path = SliderLogTaskViewModel.swift; sourceTree = "<group>"; };
		70C422C92C3B681A00E6DC51 /* OCKAnyOutcome+Sequence.swift */ = {isa = PBXFileReference; lastKnownFileType = sourcecode.swift; path = "OCKAnyOutcome+Sequence.swift"; sourceTree = "<group>"; };
		70C422CF2C3B6C7600E6DC51 /* TestHost.app */ = {isa = PBXFileReference; explicitFileType = wrapper.application; includeInIndex = 0; path = TestHost.app; sourceTree = BUILT_PRODUCTS_DIR; };
		70C422D12C3B6C7600E6DC51 /* TestHostApp.swift */ = {isa = PBXFileReference; lastKnownFileType = sourcecode.swift; path = TestHostApp.swift; sourceTree = "<group>"; };
		70C422D32C3B6C7600E6DC51 /* ContentView.swift */ = {isa = PBXFileReference; lastKnownFileType = sourcecode.swift; path = ContentView.swift; sourceTree = "<group>"; };
		70C422D52C3B6C7600E6DC51 /* Assets.xcassets */ = {isa = PBXFileReference; lastKnownFileType = folder.assetcatalog; path = Assets.xcassets; sourceTree = "<group>"; };
		70C422D72C3B6C7600E6DC51 /* TestHost.entitlements */ = {isa = PBXFileReference; lastKnownFileType = text.plist.entitlements; path = TestHost.entitlements; sourceTree = "<group>"; };
		70C422D92C3B6C7600E6DC51 /* Preview Assets.xcassets */ = {isa = PBXFileReference; lastKnownFileType = folder.assetcatalog; path = "Preview Assets.xcassets"; sourceTree = "<group>"; };
		70CA3AF92DB8C28E002CDC50 /* OCKStoreCoordinator+Hashable.swift */ = {isa = PBXFileReference; lastKnownFileType = sourcecode.swift; path = "OCKStoreCoordinator+Hashable.swift"; sourceTree = "<group>"; };
		70E3420F2DB02507005124F9 /* OCKOutcomeValue+ResearchKitSwiftUIResult.swift */ = {isa = PBXFileReference; lastKnownFileType = sourcecode.swift; path = "OCKOutcomeValue+ResearchKitSwiftUIResult.swift"; sourceTree = "<group>"; };
		70EBE30A2D19FC0F00517D5E /* EventViewable.swift */ = {isa = PBXFileReference; lastKnownFileType = sourcecode.swift; path = EventViewable.swift; sourceTree = "<group>"; };
		70EBE30B2D19FC0F00517D5E /* EventWithContentViewable.swift */ = {isa = PBXFileReference; lastKnownFileType = sourcecode.swift; path = EventWithContentViewable.swift; sourceTree = "<group>"; };
		70EBE30E2D19FC2A00517D5E /* EventQueryContentView.swift */ = {isa = PBXFileReference; lastKnownFileType = sourcecode.swift; path = EventQueryContentView.swift; sourceTree = "<group>"; };
		70EBE30F2D19FC2A00517D5E /* EventQueryView.swift */ = {isa = PBXFileReference; lastKnownFileType = sourcecode.swift; path = EventQueryView.swift; sourceTree = "<group>"; };
		70EBE3122D19FEE600517D5E /* SimpleTaskView+CareStoreFetchedViewable.swift */ = {isa = PBXFileReference; lastKnownFileType = sourcecode.swift; path = "SimpleTaskView+CareStoreFetchedViewable.swift"; sourceTree = "<group>"; };
		70EBE3142D19FF8D00517D5E /* InstructionsTaskView+CareStoreFetchedViewable.swift */ = {isa = PBXFileReference; lastKnownFileType = sourcecode.swift; path = "InstructionsTaskView+CareStoreFetchedViewable.swift"; sourceTree = "<group>"; };
		70EBE3162D19FFE900517D5E /* LabeledValueTaskView+CareStoreFetchedViewable.swift */ = {isa = PBXFileReference; lastKnownFileType = sourcecode.swift; path = "LabeledValueTaskView+CareStoreFetchedViewable.swift"; sourceTree = "<group>"; };
		70EBE3182D19FFF700517D5E /* NumericProgressTaskView+CareStoreFetchedViewable.swift */ = {isa = PBXFileReference; lastKnownFileType = sourcecode.swift; path = "NumericProgressTaskView+CareStoreFetchedViewable.swift"; sourceTree = "<group>"; };
		70FDC6152C387C9F00A32137 /* NSImage.swift */ = {isa = PBXFileReference; fileEncoding = 4; lastKnownFileType = sourcecode.swift; path = NSImage.swift; sourceTree = "<group>"; };
		911BDB252A11C437004F8442 /* View+Default.swift */ = {isa = PBXFileReference; fileEncoding = 4; lastKnownFileType = sourcecode.swift; path = "View+Default.swift"; sourceTree = "<group>"; };
		911BDB272A11C491004F8442 /* CGFloat.swift */ = {isa = PBXFileReference; fileEncoding = 4; lastKnownFileType = sourcecode.swift; path = CGFloat.swift; sourceTree = "<group>"; };
		911BDB2B2A12F0D3004F8442 /* CareKitEssentialsError.swift */ = {isa = PBXFileReference; fileEncoding = 4; lastKnownFileType = sourcecode.swift; path = CareKitEssentialsError.swift; sourceTree = "<group>"; };
		911BDB312A130A2B004F8442 /* Utility.swift */ = {isa = PBXFileReference; fileEncoding = 4; lastKnownFileType = sourcecode.swift; path = Utility.swift; sourceTree = "<group>"; };
		911BDB332A130AF9004F8442 /* OCKStore.swift */ = {isa = PBXFileReference; lastKnownFileType = sourcecode.swift; path = OCKStore.swift; sourceTree = "<group>"; };
		91A9E7DD2A19758300F3414D /* NumericProgressTaskView.swift */ = {isa = PBXFileReference; lastKnownFileType = sourcecode.swift; path = NumericProgressTaskView.swift; sourceTree = "<group>"; };
		91A9E7DF2A19784800F3414D /* LabeledValueTaskView.swift */ = {isa = PBXFileReference; lastKnownFileType = sourcecode.swift; path = LabeledValueTaskView.swift; sourceTree = "<group>"; };
		91A9E7E12A197A7300F3414D /* InstructionsTaskView.swift */ = {isa = PBXFileReference; lastKnownFileType = sourcecode.swift; path = InstructionsTaskView.swift; sourceTree = "<group>"; };
		91A9E7E32A197A9300F3414D /* SimpleTaskView.swift */ = {isa = PBXFileReference; lastKnownFileType = sourcecode.swift; path = SimpleTaskView.swift; sourceTree = "<group>"; };
		OBJ_11 /* CustomLabelView.swift */ = {isa = PBXFileReference; lastKnownFileType = sourcecode.swift; path = CustomLabelView.swift; sourceTree = "<group>"; };
		OBJ_13 /* DetailsView.swift */ = {isa = PBXFileReference; lastKnownFileType = sourcecode.swift; path = DetailsView.swift; sourceTree = "<group>"; };
		OBJ_15 /* DigitalCrownView.swift */ = {isa = PBXFileReference; lastKnownFileType = sourcecode.swift; path = DigitalCrownView.swift; sourceTree = "<group>"; };
		OBJ_16 /* DigitalCrownViewFooter.swift */ = {isa = PBXFileReference; lastKnownFileType = sourcecode.swift; path = DigitalCrownViewFooter.swift; sourceTree = "<group>"; };
		OBJ_17 /* DigitalCrownViewHeader.swift */ = {isa = PBXFileReference; lastKnownFileType = sourcecode.swift; path = DigitalCrownViewHeader.swift; sourceTree = "<group>"; };
		OBJ_18 /* DigitalCrownViewModel.swift */ = {isa = PBXFileReference; lastKnownFileType = sourcecode.swift; path = DigitalCrownViewModel.swift; sourceTree = "<group>"; };
		OBJ_22 /* InformationHeaderView.swift */ = {isa = PBXFileReference; lastKnownFileType = sourcecode.swift; path = InformationHeaderView.swift; sourceTree = "<group>"; };
		OBJ_23 /* CardViewModel.swift */ = {isa = PBXFileReference; lastKnownFileType = sourcecode.swift; path = CardViewModel.swift; sourceTree = "<group>"; };
		OBJ_26 /* Calendar+Dates.swift */ = {isa = PBXFileReference; lastKnownFileType = sourcecode.swift; path = "Calendar+Dates.swift"; sourceTree = "<group>"; };
		OBJ_27 /* Image.swift */ = {isa = PBXFileReference; lastKnownFileType = sourcecode.swift; path = Image.swift; sourceTree = "<group>"; };
		OBJ_28 /* OCKAnyEvent+CustomStringConvertable.swift */ = {isa = PBXFileReference; lastKnownFileType = sourcecode.swift; path = "OCKAnyEvent+CustomStringConvertable.swift"; sourceTree = "<group>"; };
		OBJ_29 /* OCKAnyEvent.swift */ = {isa = PBXFileReference; lastKnownFileType = sourcecode.swift; path = OCKAnyEvent.swift; sourceTree = "<group>"; };
		OBJ_30 /* OCKAnyOutcome.swift */ = {isa = PBXFileReference; lastKnownFileType = sourcecode.swift; path = OCKAnyOutcome.swift; sourceTree = "<group>"; };
		OBJ_31 /* OCKBiologicalSex+Hashable.swift */ = {isa = PBXFileReference; lastKnownFileType = sourcecode.swift; path = "OCKBiologicalSex+Hashable.swift"; sourceTree = "<group>"; };
		OBJ_32 /* LinearCareTaskProgress+Math.swift */ = {isa = PBXFileReference; lastKnownFileType = sourcecode.swift; path = "LinearCareTaskProgress+Math.swift"; sourceTree = "<group>"; };
		OBJ_33 /* OCKOutcome.swift */ = {isa = PBXFileReference; lastKnownFileType = sourcecode.swift; path = OCKOutcome.swift; sourceTree = "<group>"; };
		OBJ_34 /* OCKOutcomeValue+Identifiable.swift */ = {isa = PBXFileReference; lastKnownFileType = sourcecode.swift; path = "OCKOutcomeValue+Identifiable.swift"; sourceTree = "<group>"; };
		OBJ_39 /* UIImage.swift */ = {isa = PBXFileReference; lastKnownFileType = sourcecode.swift; path = UIImage.swift; sourceTree = "<group>"; };
		OBJ_41 /* OSValue.swift */ = {isa = PBXFileReference; lastKnownFileType = sourcecode.swift; path = OSValue.swift; sourceTree = "<group>"; };
		OBJ_42 /* ScheduleUtility.swift */ = {isa = PBXFileReference; lastKnownFileType = sourcecode.swift; path = ScheduleUtility.swift; sourceTree = "<group>"; };
		OBJ_420 /* LICENSE */ = {isa = PBXFileReference; lastKnownFileType = text; path = LICENSE; sourceTree = "<group>"; };
		OBJ_421 /* README.md */ = {isa = PBXFileReference; lastKnownFileType = net.daringfireball.markdown; path = README.md; sourceTree = "<group>"; };
		OBJ_45 /* OCKOutcomeExtensionsTests.swift */ = {isa = PBXFileReference; lastKnownFileType = sourcecode.swift; path = OCKOutcomeExtensionsTests.swift; sourceTree = "<group>"; };
		OBJ_6 /* Package.swift */ = {isa = PBXFileReference; explicitFileType = sourcecode.swift; path = Package.swift; sourceTree = "<group>"; };
		"carekitessentials::CareKitEssentials::Product" /* CareKitEssentials.framework */ = {isa = PBXFileReference; explicitFileType = wrapper.framework; path = CareKitEssentials.framework; sourceTree = BUILT_PRODUCTS_DIR; };
		"carekitessentials::CareKitEssentialsTests::Product" /* CareKitEssentialsTests.xctest */ = {isa = PBXFileReference; explicitFileType = wrapper.cfbundle; path = CareKitEssentialsTests.xctest; sourceTree = BUILT_PRODUCTS_DIR; };
/* End PBXFileReference section */

/* Begin PBXFrameworksBuildPhase section */
		70C422CC2C3B6C7600E6DC51 /* Frameworks */ = {
			isa = PBXFrameworksBuildPhase;
			buildActionMask = 2147483647;
			files = (
				70C422DF2C3B6C8D00E6DC51 /* CareKitEssentials.framework in Frameworks */,
			);
			runOnlyForDeploymentPostprocessing = 0;
		};
		OBJ_768 /* Frameworks */ = {
			isa = PBXFrameworksBuildPhase;
			buildActionMask = 0;
			files = (
				91F46E172A11C1A2002EBDDD /* CareKitStore in Frameworks */,
				91F46E152A11C1A2002EBDDD /* CareKit in Frameworks */,
				91F46E192A11C1A2002EBDDD /* CareKitUI in Frameworks */,
			);
			runOnlyForDeploymentPostprocessing = 0;
		};
		OBJ_792 /* Frameworks */ = {
			isa = PBXFrameworksBuildPhase;
			buildActionMask = 0;
			files = (
				OBJ_793 /* CareKitEssentials.framework in Frameworks */,
			);
			runOnlyForDeploymentPostprocessing = 0;
		};
/* End PBXFrameworksBuildPhase section */

/* Begin PBXGroup section */
		4B27AD902C4AD2A000661121 /* Mocking */ = {
			isa = PBXGroup;
			children = (
				4B27AD8D2C4AD26000661121 /* OCKEvent.swift */,
			);
			path = Mocking;
			sourceTree = "<group>";
		};
		70116AF62DBDF5A00024BB89 /* Protocols */ = {
			isa = PBXGroup;
			children = (
				70116AF82DBDF5E20024BB89 /* CareKitEssentialChartable.swift */,
			);
			path = Protocols;
			sourceTree = "<group>";
		};
		702FF7672CFAA8B300B26710 /* Chart */ = {
			isa = PBXGroup;
			children = (
				702FF7782CFCFEBD00B26710 /* CareKitEssentialChartBodyView.swift */,
				702FF7762CFAAF0300B26710 /* CareKitEssentialChartHeaderView.swift */,
				702FF76A2CFAA93C00B26710 /* CareKitEssentialChartView.swift */,
				702FF7682CFAA92000B26710 /* Data */,
				702FF7692CFAA92A00B26710 /* Progress */,
				70116AF62DBDF5A00024BB89 /* Protocols */,
			);
			path = Chart;
			sourceTree = "<group>";
		};
		702FF7682CFAA92000B26710 /* Data */ = {
			isa = PBXGroup;
			children = (
				702FF76C2CFAA96100B26710 /* CKEDataSeries.swift */,
				702FF76E2CFAA96800B26710 /* CKEDataSeriesConfiguration.swift */,
				702FF7702CFAA96B00B26710 /* CKEPoint.swift */,
			);
			path = Data;
			sourceTree = "<group>";
		};
		702FF7692CFAA92A00B26710 /* Progress */ = {
			isa = PBXGroup;
			children = (
				702FF7722CFAA97500B26710 /* TemporalProgress.swift */,
				702FF7742CFAA97800B26710 /* TemporalTaskProgress.swift */,
			);
			path = Progress;
			sourceTree = "<group>";
		};
		704D02E32DB9F34500AFE855 /* Resources */ = {
			isa = PBXGroup;
			children = (
				704D034F2DBA10A100AFE855 /* en.lproj */,
			);
			path = Resources;
			sourceTree = "<group>";
		};
		704D034F2DBA10A100AFE855 /* en.lproj */ = {
			isa = PBXGroup;
			children = (
				704D03522DBA132C00AFE855 /* Localizable.strings */,
			);
			path = en.lproj;
			sourceTree = "<group>";
		};
		709530AC2DAC396900E18A59 /* ResearchSurveyView */ = {
			isa = PBXGroup;
			children = (
				709530AE2DAC398300E18A59 /* ResearchCareForm.swift */,
				709530AD2DAC398300E18A59 /* ResearchSurveyView.swift */,
			);
			path = ResearchSurveyView;
			sourceTree = "<group>";
		};
		70B49A8E2D0A8FB80023E5B3 /* Extensions */ = {
			isa = PBXGroup;
			children = (
				70116AF02DBC632E0024BB89 /* CKEDataSeries+AXChartDescriptorRepresentable.swift */,
				91A9E7E12A197A7300F3414D /* InstructionsTaskView.swift */,
				70EBE3142D19FF8D00517D5E /* InstructionsTaskView+CareStoreFetchedViewable.swift */,
				91A9E7DF2A19784800F3414D /* LabeledValueTaskView.swift */,
				70EBE3162D19FFE900517D5E /* LabeledValueTaskView+CareStoreFetchedViewable.swift */,
				91A9E7DD2A19758300F3414D /* NumericProgressTaskView.swift */,
				70EBE3182D19FFF700517D5E /* NumericProgressTaskView+CareStoreFetchedViewable.swift */,
				91A9E7E32A197A9300F3414D /* SimpleTaskView.swift */,
				70EBE3122D19FEE600517D5E /* SimpleTaskView+CareStoreFetchedViewable.swift */,
			);
			path = Extensions;
			sourceTree = "<group>";
		};
		70BBCB452A12B8B000759A9C /* Environment */ = {
			isa = PBXGroup;
			children = (
				70BBCB462A12B8F500759A9C /* CardEnabledEnvironmentKey.swift */,
			);
			path = Environment;
			sourceTree = "<group>";
		};
		70BBCB4A2A12BA3600759A9C /* Shared */ = {
			isa = PBXGroup;
			children = (
				OBJ_23 /* CardViewModel.swift */,
				OBJ_11 /* CustomLabelView.swift */,
				OBJ_13 /* DetailsView.swift */,
				OBJ_22 /* InformationHeaderView.swift */,
				70B49A5F2D06A2520023E5B3 /* SimpleLabelView.swift */,
				702FF7672CFAA8B300B26710 /* Chart */,
				70EBE3082D19FB8E00517D5E /* EventViews */,
				70B49A8E2D0A8FB80023E5B3 /* Extensions */,
				70EBE3092D19FBE300517D5E /* Protocols */,
				709530AC2DAC396900E18A59 /* ResearchSurveyView */,
				70BBCB4F2A12BD2500759A9C /* SliderLog */,
			);
			path = Shared;
			sourceTree = "<group>";
		};
		70BBCB4C2A12BA4E00759A9C /* watchOS */ = {
			isa = PBXGroup;
			children = (
				OBJ_14 /* DigitalCrown */,
			);
			path = watchOS;
			sourceTree = "<group>";
		};
		70BBCB4F2A12BD2500759A9C /* SliderLog */ = {
			isa = PBXGroup;
			children = (
				70BBCB522A12BDAC00759A9C /* Slider.swift */,
				70BBCB542A12BDBD00759A9C /* SliderLogButton.swift */,
				70BBCB4D2A12BB0500759A9C /* SliderLogTaskView.swift */,
				70BBCB562A14164E00759A9C /* SliderLogTaskViewModel.swift */,
				70BBCB502A12BD5000759A9C /* SliderStyle.swift */,
			);
			path = SliderLog;
			sourceTree = "<group>";
		};
		70C422D02C3B6C7600E6DC51 /* TestHost */ = {
			isa = PBXGroup;
			children = (
				70C422D12C3B6C7600E6DC51 /* TestHostApp.swift */,
				70C422D32C3B6C7600E6DC51 /* ContentView.swift */,
				70C422D52C3B6C7600E6DC51 /* Assets.xcassets */,
				70C422D72C3B6C7600E6DC51 /* TestHost.entitlements */,
				70C422D82C3B6C7600E6DC51 /* Preview Content */,
			);
			path = TestHost;
			sourceTree = "<group>";
		};
		70C422D82C3B6C7600E6DC51 /* Preview Content */ = {
			isa = PBXGroup;
			children = (
				70C422D92C3B6C7600E6DC51 /* Preview Assets.xcassets */,
			);
			path = "Preview Content";
			sourceTree = "<group>";
		};
		70C422DE2C3B6C8D00E6DC51 /* Frameworks */ = {
			isa = PBXGroup;
			children = (
			);
			name = Frameworks;
			sourceTree = "<group>";
		};
		70EBE3082D19FB8E00517D5E /* EventViews */ = {
			isa = PBXGroup;
			children = (
				70EBE30E2D19FC2A00517D5E /* EventQueryContentView.swift */,
				70EBE30F2D19FC2A00517D5E /* EventQueryView.swift */,
			);
			path = EventViews;
			sourceTree = "<group>";
		};
		70EBE3092D19FBE300517D5E /* Protocols */ = {
			isa = PBXGroup;
			children = (
				700DA9042C2A609600435E2C /* CareKitEssentialView.swift */,
				70EBE30A2D19FC0F00517D5E /* EventViewable.swift */,
				70EBE30B2D19FC0F00517D5E /* EventWithContentViewable.swift */,
			);
			path = Protocols;
			sourceTree = "<group>";
		};
		OBJ_14 /* DigitalCrown */ = {
			isa = PBXGroup;
			children = (
				OBJ_15 /* DigitalCrownView.swift */,
				OBJ_16 /* DigitalCrownViewFooter.swift */,
				OBJ_17 /* DigitalCrownViewHeader.swift */,
				OBJ_18 /* DigitalCrownViewModel.swift */,
			);
			path = DigitalCrown;
			sourceTree = "<group>";
		};
		OBJ_25 /* Extensions */ = {
			isa = PBXGroup;
			children = (
				OBJ_26 /* Calendar+Dates.swift */,
				70B49A8A2D0A86B30023E5B3 /* CareStoreFetchedResult.swift */,
				7026DDFA2D0D3C80002EACAA /* CareStoreFetchedResult+Hashable.swift */,
				7081E0202D050136004937F6 /* CareStoreFetchedResults+Sequence.swift */,
				4B27AD832C4ACC4E00661121 /* CareTaskProgressStrategy.swift */,
				911BDB272A11C491004F8442 /* CGFloat.swift */,
				702FF7802CFE5B0400B26710 /* ChartContent+Default.swift */,
				70B49A882D0A83E10023E5B3 /* Double.swift */,
				OBJ_27 /* Image.swift */,
				OBJ_32 /* LinearCareTaskProgress+Math.swift */,
				700DA9062C2A66BF00435E2C /* Logger.swift */,
				70FDC6152C387C9F00A32137 /* NSImage.swift */,
				OBJ_29 /* OCKAnyEvent.swift */,
				7026DDF42D0D2AE6002EACAA /* OCKAnyEvent+Comparable.swift */,
				OBJ_28 /* OCKAnyEvent+CustomStringConvertable.swift */,
				7026DDF62D0D2B2C002EACAA /* OCKAnyEvent+Equatable.swift */,
				70B49A7C2D0A53FA0023E5B3 /* OCKAnyEvent+Hashable.swift */,
				70B49A8C2D0A88A80023E5B3 /* OCKAnyEventStore.swift */,
				OBJ_30 /* OCKAnyOutcome.swift */,
				70C422C92C3B681A00E6DC51 /* OCKAnyOutcome+Sequence.swift */,
				OBJ_31 /* OCKBiologicalSex+Hashable.swift */,
				7068BD402D62788A00212E4A /* OCKHealthKitLinkage+Hashable.swift */,
				7068BD3C2D62774200212E4A /* OCKHealthKitPassthroughStore.swift */,
				7068BD3E2D6277C000212E4A /* OCKHealthKitTask+Hashable.swift */,
				7026DDEE2D0CD74E002EACAA /* OCKNote+Hashable.swift */,
				OBJ_33 /* OCKOutcome.swift */,
				70B49A822D0A56910023E5B3 /* OCKOutcome+Hashable.swift */,
				70B49A842D0A56B70023E5B3 /* OCKOutcomeValue+Hashable.swift */,
				OBJ_34 /* OCKOutcomeValue+Identifiable.swift */,
				70E3420F2DB02507005124F9 /* OCKOutcomeValue+ResearchKitSwiftUIResult.swift */,
				70721CE32D658EBC00270799 /* OCKOutcomeValue+Sequence.swift */,
				7026DDF02D0CD7DB002EACAA /* OCKSchedule+Hashable.swift */,
				7026DDEA2D0CD47F002EACAA /* OCKScheduleElement+Hashable.swift */,
				70BBCB482A12B9B300759A9C /* OCKScheduleEvent+Comparable.swift */,
				7026DDF22D0CD7EE002EACAA /* OCKScheduleEvent+Hashable.swift */,
				7026DDEC2D0CD5FD002EACAA /* OCKSemanticVersion+Hashable.swift */,
				911BDB332A130AF9004F8442 /* OCKStore.swift */,
				7026DDFC2D0D45B4002EACAA /* OCKStore+Hashable.swift */,
				70CA3AF92DB8C28E002CDC50 /* OCKStoreCoordinator+Hashable.swift */,
				70B49A7E2D0A54380023E5B3 /* OCKTask+Hashable.swift */,
				709530B52DAC3CA300E18A59 /* OCKTask+ResearchKitSwiftUI.swift */,
				OBJ_39 /* UIImage.swift */,
				911BDB252A11C437004F8442 /* View+Default.swift */,
			);
			path = Extensions;
			sourceTree = "<group>";
		};
		OBJ_40 /* Models */ = {
			isa = PBXGroup;
			children = (
				911BDB2B2A12F0D3004F8442 /* CareKitEssentialsError.swift */,
				709530B72DAC3DF400E18A59 /* CareKitEssentialsUserInfoKey.swift */,
				70116AF42DBDC5AF0024BB89 /* DateComponentsForProgress.swift */,
				OBJ_41 /* OSValue.swift */,
				OBJ_42 /* ScheduleUtility.swift */,
				709530B12DAC3AFB00E18A59 /* SurveyQuestion.swift */,
				709530B22DAC3AFB00E18A59 /* SurveyStep.swift */,
			);
			path = Models;
			sourceTree = "<group>";
		};
		OBJ_413 /* Products */ = {
			isa = PBXGroup;
			children = (
				"carekitessentials::CareKitEssentials::Product" /* CareKitEssentials.framework */,
				"carekitessentials::CareKitEssentialsTests::Product" /* CareKitEssentialsTests.xctest */,
				70C422CF2C3B6C7600E6DC51 /* TestHost.app */,
			);
			name = Products;
			sourceTree = BUILT_PRODUCTS_DIR;
		};
		OBJ_43 /* Tests */ = {
			isa = PBXGroup;
			children = (
				OBJ_44 /* CareKitEssentialsTests */,
			);
			name = Tests;
			sourceTree = SOURCE_ROOT;
		};
		OBJ_44 /* CareKitEssentialsTests */ = {
			isa = PBXGroup;
			children = (
				4B27AD852C4ACC6700661121 /* CareTaskProgressStrategyTests.swift */,
				4B5FB0C02C3F4ACB00855675 /* LinearCareTaskProgressTests.swift */,
				4B27AD902C4AD2A000661121 /* Mocking */,
				OBJ_45 /* OCKOutcomeExtensionsTests.swift */,
				70721CE52D65990700270799 /* OCKOutcomeValueExtensionsTests.swift */,
			);
			name = CareKitEssentialsTests;
			path = Tests/CareKitEssentialsTests;
			sourceTree = SOURCE_ROOT;
		};
		OBJ_5 = {
			isa = PBXGroup;
			children = (
				700DA8F92C29051900435E2C /* CareKitEssentials.xctestplan */,
				OBJ_6 /* Package.swift */,
				OBJ_7 /* Sources */,
				OBJ_43 /* Tests */,
				70C422D02C3B6C7600E6DC51 /* TestHost */,
				OBJ_413 /* Products */,
				OBJ_420 /* LICENSE */,
				OBJ_421 /* README.md */,
				70C422DE2C3B6C8D00E6DC51 /* Frameworks */,
			);
			sourceTree = "<group>";
		};
		OBJ_7 /* Sources */ = {
			isa = PBXGroup;
			children = (
				OBJ_8 /* CareKitEssentials */,
			);
			name = Sources;
			sourceTree = SOURCE_ROOT;
		};
		OBJ_8 /* CareKitEssentials */ = {
			isa = PBXGroup;
			children = (
				911BDB312A130A2B004F8442 /* Utility.swift */,
				OBJ_9 /* Cards */,
				70BBCB452A12B8B000759A9C /* Environment */,
				OBJ_25 /* Extensions */,
				OBJ_40 /* Models */,
				704D02E32DB9F34500AFE855 /* Resources */,
			);
			name = CareKitEssentials;
			path = Sources/CareKitEssentials;
			sourceTree = SOURCE_ROOT;
		};
		OBJ_9 /* Cards */ = {
			isa = PBXGroup;
			children = (
				70BBCB4A2A12BA3600759A9C /* Shared */,
				70BBCB4C2A12BA4E00759A9C /* watchOS */,
			);
			path = Cards;
			sourceTree = "<group>";
		};
/* End PBXGroup section */

/* Begin PBXNativeTarget section */
		70C422CE2C3B6C7600E6DC51 /* TestHost */ = {
			isa = PBXNativeTarget;
			buildConfigurationList = 70C422DB2C3B6C7600E6DC51 /* Build configuration list for PBXNativeTarget "TestHost" */;
			buildPhases = (
				70C422CB2C3B6C7600E6DC51 /* Sources */,
				70C422CC2C3B6C7600E6DC51 /* Frameworks */,
				70C422CD2C3B6C7600E6DC51 /* Resources */,
				70C422E32C3B6C8D00E6DC51 /* Embed Frameworks */,
			);
			buildRules = (
			);
			dependencies = (
				70C422E22C3B6C8D00E6DC51 /* PBXTargetDependency */,
			);
			name = TestHost;
			productName = TestHost;
			productReference = 70C422CF2C3B6C7600E6DC51 /* TestHost.app */;
			productType = "com.apple.product-type.application";
		};
		"carekitessentials::CareKitEssentials" /* CareKitEssentials */ = {
			isa = PBXNativeTarget;
			buildConfigurationList = OBJ_736 /* Build configuration list for PBXNativeTarget "CareKitEssentials" */;
			buildPhases = (
				OBJ_739 /* Sources */,
				OBJ_768 /* Frameworks */,
				911BDB292A11C81C004F8442 /* SwiftLint */,
			);
			buildRules = (
			);
			dependencies = (
			);
			name = CareKitEssentials;
			packageProductDependencies = (
				91F46E142A11C1A2002EBDDD /* CareKit */,
				91F46E162A11C1A2002EBDDD /* CareKitStore */,
				91F46E182A11C1A2002EBDDD /* CareKitUI */,
			);
			productName = CareKitEssentials;
			productReference = "carekitessentials::CareKitEssentials::Product" /* CareKitEssentials.framework */;
			productType = "com.apple.product-type.framework";
		};
		"carekitessentials::CareKitEssentialsTests" /* CareKitEssentialsTests */ = {
			isa = PBXNativeTarget;
			buildConfigurationList = OBJ_787 /* Build configuration list for PBXNativeTarget "CareKitEssentialsTests" */;
			buildPhases = (
				OBJ_790 /* Sources */,
				OBJ_792 /* Frameworks */,
			);
			buildRules = (
			);
			dependencies = (
				OBJ_797 /* PBXTargetDependency */,
				70C422E52C3B6CA000E6DC51 /* PBXTargetDependency */,
			);
			name = CareKitEssentialsTests;
			productName = CareKitEssentialsTests;
			productReference = "carekitessentials::CareKitEssentialsTests::Product" /* CareKitEssentialsTests.xctest */;
			productType = "com.apple.product-type.bundle.unit-test";
		};
/* End PBXNativeTarget section */

/* Begin PBXProject section */
		OBJ_1 /* Project object */ = {
			isa = PBXProject;
			attributes = {
				BuildIndependentTargetsInParallel = YES;
				LastSwiftMigration = 9999;
				LastSwiftUpdateCheck = 1540;
				LastUpgradeCheck = 1630;
				ORGANIZATIONNAME = "Network Reconnaissance Lab";
				TargetAttributes = {
					70C422CE2C3B6C7600E6DC51 = {
						CreatedOnToolsVersion = 15.4;
					};
					"carekitessentials::CareKitEssentialsTests" = {
						TestTargetID = 70C422CE2C3B6C7600E6DC51;
					};
				};
			};
			buildConfigurationList = OBJ_2 /* Build configuration list for PBXProject "CareKitEssentials" */;
			compatibilityVersion = "Xcode 3.2";
			developmentRegion = en;
			hasScannedForEncodings = 0;
			knownRegions = (
				en,
				Base,
			);
			mainGroup = OBJ_5;
			packageReferences = (
				91F46E132A11C1A2002EBDDD /* XCRemoteSwiftPackageReference "CareKit" */,
			);
			productRefGroup = OBJ_413 /* Products */;
			projectDirPath = "";
			projectRoot = "";
			targets = (
				"carekitessentials::CareKitEssentials" /* CareKitEssentials */,
				"carekitessentials::CareKitEssentialsTests" /* CareKitEssentialsTests */,
				70C422CE2C3B6C7600E6DC51 /* TestHost */,
			);
		};
/* End PBXProject section */

/* Begin PBXResourcesBuildPhase section */
		70C422CD2C3B6C7600E6DC51 /* Resources */ = {
			isa = PBXResourcesBuildPhase;
			buildActionMask = 2147483647;
			files = (
				70C422DA2C3B6C7600E6DC51 /* Preview Assets.xcassets in Resources */,
				70C422D62C3B6C7600E6DC51 /* Assets.xcassets in Resources */,
			);
			runOnlyForDeploymentPostprocessing = 0;
		};
/* End PBXResourcesBuildPhase section */

/* Begin PBXShellScriptBuildPhase section */
		911BDB292A11C81C004F8442 /* SwiftLint */ = {
			isa = PBXShellScriptBuildPhase;
			alwaysOutOfDate = 1;
			buildActionMask = 2147483647;
			files = (
			);
			inputFileListPaths = (
			);
			inputPaths = (
			);
			name = SwiftLint;
			outputFileListPaths = (
			);
			outputPaths = (
			);
			runOnlyForDeploymentPostprocessing = 0;
			shellPath = /bin/sh;
			shellScript = "if test -d \"/opt/homebrew/bin/\"; then\n  PATH=\"/opt/homebrew/bin/:${PATH}\"\nfi\n\nexport PATH\n\n# Adds support for Apple Silicon brew directory\nif which swiftlint >/dev/null; then\n    swiftlint --fix && swiftlint --strict\nelse\n    echo \"warning: SwiftLint not installed, download from https://github.com/realm/SwiftLint\"\nfi\n";
		};
/* End PBXShellScriptBuildPhase section */

/* Begin PBXSourcesBuildPhase section */
		70C422CB2C3B6C7600E6DC51 /* Sources */ = {
			isa = PBXSourcesBuildPhase;
			buildActionMask = 2147483647;
			files = (
				70C422D42C3B6C7600E6DC51 /* ContentView.swift in Sources */,
				70C422D22C3B6C7600E6DC51 /* TestHostApp.swift in Sources */,
			);
			runOnlyForDeploymentPostprocessing = 0;
		};
		OBJ_739 /* Sources */ = {
			isa = PBXSourcesBuildPhase;
			buildActionMask = 0;
			files = (
				70BBCB512A12BD5000759A9C /* SliderStyle.swift in Sources */,
				70BBCB532A12BDAD00759A9C /* Slider.swift in Sources */,
				70B49A7F2D0A54400023E5B3 /* OCKTask+Hashable.swift in Sources */,
				7026DDFD2D0D45B9002EACAA /* OCKStore+Hashable.swift in Sources */,
				7026DDFB2D0D3C86002EACAA /* CareStoreFetchedResult+Hashable.swift in Sources */,
				70B49A8B2D0A86C80023E5B3 /* CareStoreFetchedResult.swift in Sources */,
				4B27AD842C4ACC4E00661121 /* CareTaskProgressStrategy.swift in Sources */,
				70EBE3102D19FC2A00517D5E /* EventQueryView.swift in Sources */,
				70EBE3112D19FC2A00517D5E /* EventQueryContentView.swift in Sources */,
				702FF7712CFAA96B00B26710 /* CKEPoint.swift in Sources */,
				70721CE42D658EC300270799 /* OCKOutcomeValue+Sequence.swift in Sources */,
				700DA9052C2A609600435E2C /* CareKitEssentialView.swift in Sources */,
				70B49A602D06A2520023E5B3 /* SimpleLabelView.swift in Sources */,
				911BDB282A11C491004F8442 /* CGFloat.swift in Sources */,
				7026DDF32D0CD7F2002EACAA /* OCKScheduleEvent+Hashable.swift in Sources */,
				7026DDEB2D0CD489002EACAA /* OCKScheduleElement+Hashable.swift in Sources */,
				OBJ_740 /* CustomLabelView.swift in Sources */,
				70E342102DB02510005124F9 /* OCKOutcomeValue+ResearchKitSwiftUIResult.swift in Sources */,
				7026DDF72D0D2B33002EACAA /* OCKAnyEvent+Equatable.swift in Sources */,
				OBJ_742 /* DetailsView.swift in Sources */,
				70EBE3172D19FFE900517D5E /* LabeledValueTaskView+CareStoreFetchedViewable.swift in Sources */,
				91A9E7E02A19784800F3414D /* LabeledValueTaskView.swift in Sources */,
				70116AF92DBDF5E30024BB89 /* CareKitEssentialChartable.swift in Sources */,
				70B49A7D2D0A53FA0023E5B3 /* OCKAnyEvent+Hashable.swift in Sources */,
				OBJ_743 /* DigitalCrownView.swift in Sources */,
				OBJ_744 /* DigitalCrownViewFooter.swift in Sources */,
				7026DDF12D0CD7E2002EACAA /* OCKSchedule+Hashable.swift in Sources */,
				7068BD3D2D62774400212E4A /* OCKHealthKitPassthroughStore.swift in Sources */,
				702FF76F2CFAA96800B26710 /* CKEDataSeriesConfiguration.swift in Sources */,
				OBJ_745 /* DigitalCrownViewHeader.swift in Sources */,
				OBJ_746 /* DigitalCrownViewModel.swift in Sources */,
				702FF7772CFAAF0300B26710 /* CareKitEssentialChartHeaderView.swift in Sources */,
				OBJ_749 /* InformationHeaderView.swift in Sources */,
				70BBCB552A12BDBD00759A9C /* SliderLogButton.swift in Sources */,
				OBJ_750 /* CardViewModel.swift in Sources */,
				702FF76B2CFAA93C00B26710 /* CareKitEssentialChartView.swift in Sources */,
				70EBE3192D19FFF700517D5E /* NumericProgressTaskView+CareStoreFetchedViewable.swift in Sources */,
				702FF7752CFAA97800B26710 /* TemporalTaskProgress.swift in Sources */,
				7068BD3F2D6277C500212E4A /* OCKHealthKitTask+Hashable.swift in Sources */,
				70EBE3152D19FF9700517D5E /* InstructionsTaskView+CareStoreFetchedViewable.swift in Sources */,
				702FF76D2CFAA96100B26710 /* CKEDataSeries.swift in Sources */,
				91A9E7E22A197A7300F3414D /* InstructionsTaskView.swift in Sources */,
				OBJ_752 /* Calendar+Dates.swift in Sources */,
				70B49A852D0A56C10023E5B3 /* OCKOutcomeValue+Hashable.swift in Sources */,
				OBJ_753 /* Image.swift in Sources */,
				70EBE30C2D19FC0F00517D5E /* EventWithContentViewable.swift in Sources */,
				70EBE30D2D19FC0F00517D5E /* EventViewable.swift in Sources */,
				709530B62DAC3CA300E18A59 /* OCKTask+ResearchKitSwiftUI.swift in Sources */,
				70B49A892D0A83E10023E5B3 /* Double.swift in Sources */,
				702FF7732CFAA97500B26710 /* TemporalProgress.swift in Sources */,
				OBJ_754 /* OCKAnyEvent+CustomStringConvertable.swift in Sources */,
				70B49A8D2D0A88B30023E5B3 /* OCKAnyEventStore.swift in Sources */,
				OBJ_755 /* OCKAnyEvent.swift in Sources */,
				700DA9072C2A66BF00435E2C /* Logger.swift in Sources */,
				OBJ_756 /* OCKAnyOutcome.swift in Sources */,
				702FF7792CFCFEBD00B26710 /* CareKitEssentialChartBodyView.swift in Sources */,
				91A9E7E42A197A9300F3414D /* SimpleTaskView.swift in Sources */,
				70BBCB472A12B8F500759A9C /* CardEnabledEnvironmentKey.swift in Sources */,
				709530AF2DAC398300E18A59 /* ResearchCareForm.swift in Sources */,
				709530B02DAC398300E18A59 /* ResearchSurveyView.swift in Sources */,
				70BBCB4E2A12BB0500759A9C /* SliderLogTaskView.swift in Sources */,
				91A9E7DE2A19758300F3414D /* NumericProgressTaskView.swift in Sources */,
				70C422CA2C3B681A00E6DC51 /* OCKAnyOutcome+Sequence.swift in Sources */,
				911BDB342A130AF9004F8442 /* OCKStore.swift in Sources */,
				70EBE3132D19FF0200517D5E /* SimpleTaskView+CareStoreFetchedViewable.swift in Sources */,
				OBJ_757 /* OCKBiologicalSex+Hashable.swift in Sources */,
				7026DDED2D0CD600002EACAA /* OCKSemanticVersion+Hashable.swift in Sources */,
				7068BD412D62788E00212E4A /* OCKHealthKitLinkage+Hashable.swift in Sources */,
				7026DDEF2D0CD750002EACAA /* OCKNote+Hashable.swift in Sources */,
				OBJ_758 /* LinearCareTaskProgress+Math.swift in Sources */,
				70BBCB572A14164E00759A9C /* SliderLogTaskViewModel.swift in Sources */,
				70CA3AFA2DB8C28E002CDC50 /* OCKStoreCoordinator+Hashable.swift in Sources */,
				OBJ_759 /* OCKOutcome.swift in Sources */,
				OBJ_760 /* OCKOutcomeValue+Identifiable.swift in Sources */,
				OBJ_765 /* UIImage.swift in Sources */,
				702FF7812CFE5B0400B26710 /* ChartContent+Default.swift in Sources */,
				911BDB262A11C437004F8442 /* View+Default.swift in Sources */,
				70116AF52DBDC5B10024BB89 /* DateComponentsForProgress.swift in Sources */,
				911BDB322A130A2B004F8442 /* Utility.swift in Sources */,
				709530B32DAC3AFB00E18A59 /* SurveyQuestion.swift in Sources */,
				709530B42DAC3AFB00E18A59 /* SurveyStep.swift in Sources */,
				70FDC6162C387C9F00A32137 /* NSImage.swift in Sources */,
				7081E0212D050136004937F6 /* CareStoreFetchedResults+Sequence.swift in Sources */,
				7026DDF52D0D2AF2002EACAA /* OCKAnyEvent+Comparable.swift in Sources */,
				70B49A832D0A56970023E5B3 /* OCKOutcome+Hashable.swift in Sources */,
				70BBCB492A12B9B300759A9C /* OCKScheduleEvent+Comparable.swift in Sources */,
				911BDB2C2A12F0D3004F8442 /* CareKitEssentialsError.swift in Sources */,
				OBJ_766 /* OSValue.swift in Sources */,
				OBJ_767 /* ScheduleUtility.swift in Sources */,
				709530B82DAC3DFF00E18A59 /* CareKitEssentialsUserInfoKey.swift in Sources */,
				70116AF12DBC634D0024BB89 /* CKEDataSeries+AXChartDescriptorRepresentable.swift in Sources */,
			);
			runOnlyForDeploymentPostprocessing = 0;
		};
		OBJ_790 /* Sources */ = {
			isa = PBXSourcesBuildPhase;
			buildActionMask = 0;
			files = (
				4B27AD942C4B207B00661121 /* OCKEvent.swift in Sources */,
				OBJ_791 /* OCKOutcomeExtensionsTests.swift in Sources */,
				4B5FB0C82C3F4AD200855675 /* LinearCareTaskProgressTests.swift in Sources */,
				4B27AD8A2C4ACD8B00661121 /* CareTaskProgressStrategyTests.swift in Sources */,
				70721CE62D65990700270799 /* OCKOutcomeValueExtensionsTests.swift in Sources */,
			);
			runOnlyForDeploymentPostprocessing = 0;
		};
/* End PBXSourcesBuildPhase section */

/* Begin PBXTargetDependency section */
		70C422E22C3B6C8D00E6DC51 /* PBXTargetDependency */ = {
			isa = PBXTargetDependency;
			target = "carekitessentials::CareKitEssentials" /* CareKitEssentials */;
			targetProxy = 70C422E12C3B6C8D00E6DC51 /* PBXContainerItemProxy */;
		};
		70C422E52C3B6CA000E6DC51 /* PBXTargetDependency */ = {
			isa = PBXTargetDependency;
			target = 70C422CE2C3B6C7600E6DC51 /* TestHost */;
			targetProxy = 70C422E42C3B6CA000E6DC51 /* PBXContainerItemProxy */;
		};
		OBJ_797 /* PBXTargetDependency */ = {
			isa = PBXTargetDependency;
			target = "carekitessentials::CareKitEssentials" /* CareKitEssentials */;
			targetProxy = 91F46E0E2A11BF70002EBDDD /* PBXContainerItemProxy */;
		};
/* End PBXTargetDependency section */

/* Begin PBXVariantGroup section */
		704D03522DBA132C00AFE855 /* Localizable.strings */ = {
			isa = PBXVariantGroup;
			children = (
				704D03532DBA132C00AFE855 /* en */,
			);
			name = Localizable.strings;
			sourceTree = "<group>";
		};
/* End PBXVariantGroup section */

/* Begin XCBuildConfiguration section */
		70C422DC2C3B6C7600E6DC51 /* Debug */ = {
			isa = XCBuildConfiguration;
			buildSettings = {
				ALWAYS_SEARCH_USER_PATHS = NO;
				ASSETCATALOG_COMPILER_APPICON_NAME = AppIcon;
				ASSETCATALOG_COMPILER_GENERATE_ASSET_SYMBOLS = NO;
				ASSETCATALOG_COMPILER_GENERATE_SWIFT_ASSET_SYMBOL_EXTENSIONS = NO;
				ASSETCATALOG_COMPILER_GLOBAL_ACCENT_COLOR_NAME = AccentColor;
				CLANG_ANALYZER_NONNULL = YES;
				CLANG_ANALYZER_NUMBER_OBJECT_CONVERSION = YES_AGGRESSIVE;
				CLANG_CXX_LANGUAGE_STANDARD = "gnu++20";
				CLANG_ENABLE_MODULES = YES;
				CLANG_ENABLE_OBJC_WEAK = YES;
				CLANG_WARN_DIRECT_OBJC_ISA_USAGE = YES_ERROR;
				CLANG_WARN_DOCUMENTATION_COMMENTS = YES;
				CLANG_WARN_OBJC_ROOT_CLASS = YES_ERROR;
				CLANG_WARN_UNGUARDED_AVAILABILITY = YES_AGGRESSIVE;
				CODE_SIGN_ENTITLEMENTS = TestHost/TestHost.entitlements;
				CODE_SIGN_STYLE = Automatic;
				CURRENT_PROJECT_VERSION = 1;
				DEVELOPMENT_ASSET_PATHS = "\"TestHost/Preview Content\"";
				ENABLE_PREVIEWS = YES;
				ENABLE_USER_SCRIPT_SANDBOXING = YES;
				GCC_C_LANGUAGE_STANDARD = gnu17;
				GCC_DYNAMIC_NO_PIC = NO;
				GCC_PREPROCESSOR_DEFINITIONS = (
					"DEBUG=1",
					"$(inherited)",
				);
				GCC_WARN_ABOUT_RETURN_TYPE = YES_ERROR;
				GCC_WARN_UNINITIALIZED_AUTOS = YES_AGGRESSIVE;
				GENERATE_INFOPLIST_FILE = YES;
				"INFOPLIST_KEY_UIApplicationSceneManifest_Generation[sdk=iphoneos*]" = YES;
				"INFOPLIST_KEY_UIApplicationSceneManifest_Generation[sdk=iphonesimulator*]" = YES;
				"INFOPLIST_KEY_UIApplicationSupportsIndirectInputEvents[sdk=iphoneos*]" = YES;
				"INFOPLIST_KEY_UIApplicationSupportsIndirectInputEvents[sdk=iphonesimulator*]" = YES;
				"INFOPLIST_KEY_UILaunchScreen_Generation[sdk=iphoneos*]" = YES;
				"INFOPLIST_KEY_UILaunchScreen_Generation[sdk=iphonesimulator*]" = YES;
				"INFOPLIST_KEY_UIStatusBarStyle[sdk=iphoneos*]" = UIStatusBarStyleDefault;
				"INFOPLIST_KEY_UIStatusBarStyle[sdk=iphonesimulator*]" = UIStatusBarStyleDefault;
				INFOPLIST_KEY_UISupportedInterfaceOrientations_iPad = "UIInterfaceOrientationPortrait UIInterfaceOrientationPortraitUpsideDown UIInterfaceOrientationLandscapeLeft UIInterfaceOrientationLandscapeRight";
				INFOPLIST_KEY_UISupportedInterfaceOrientations_iPhone = "UIInterfaceOrientationPortrait UIInterfaceOrientationLandscapeLeft UIInterfaceOrientationLandscapeRight";
				IPHONEOS_DEPLOYMENT_TARGET = 16.0;
				LD_RUNPATH_SEARCH_PATHS = "@executable_path/Frameworks";
				"LD_RUNPATH_SEARCH_PATHS[sdk=macosx*]" = "@executable_path/../Frameworks";
				LOCALIZATION_PREFERS_STRING_CATALOGS = YES;
				MACOSX_DEPLOYMENT_TARGET = 13.0;
				MARKETING_VERSION = 1.0;
				MTL_ENABLE_DEBUG_INFO = INCLUDE_SOURCE;
				MTL_FAST_MATH = YES;
				PRODUCT_BUNDLE_IDENTIFIER = edu.netrecon.usc.TestHost;
				PRODUCT_NAME = "$(TARGET_NAME)";
				SDKROOT = auto;
				SUPPORTED_PLATFORMS = "iphoneos iphonesimulator macosx xros xrsimulator watchos";
				SUPPORTS_MACCATALYST = NO;
				SWIFT_ACTIVE_COMPILATION_CONDITIONS = "DEBUG $(inherited)";
				SWIFT_EMIT_LOC_STRINGS = YES;
				SWIFT_VERSION = 5.0;
				TARGETED_DEVICE_FAMILY = "1,2,7";
				WATCHOS_DEPLOYMENT_TARGET = 9.0;
			};
			name = Debug;
		};
		70C422DD2C3B6C7600E6DC51 /* Release */ = {
			isa = XCBuildConfiguration;
			buildSettings = {
				ALWAYS_SEARCH_USER_PATHS = NO;
				ASSETCATALOG_COMPILER_APPICON_NAME = AppIcon;
				ASSETCATALOG_COMPILER_GENERATE_ASSET_SYMBOLS = NO;
				ASSETCATALOG_COMPILER_GENERATE_SWIFT_ASSET_SYMBOL_EXTENSIONS = NO;
				ASSETCATALOG_COMPILER_GLOBAL_ACCENT_COLOR_NAME = AccentColor;
				CLANG_ANALYZER_NONNULL = YES;
				CLANG_ANALYZER_NUMBER_OBJECT_CONVERSION = YES_AGGRESSIVE;
				CLANG_CXX_LANGUAGE_STANDARD = "gnu++20";
				CLANG_ENABLE_MODULES = YES;
				CLANG_ENABLE_OBJC_WEAK = YES;
				CLANG_WARN_DIRECT_OBJC_ISA_USAGE = YES_ERROR;
				CLANG_WARN_DOCUMENTATION_COMMENTS = YES;
				CLANG_WARN_OBJC_ROOT_CLASS = YES_ERROR;
				CLANG_WARN_UNGUARDED_AVAILABILITY = YES_AGGRESSIVE;
				CODE_SIGN_ENTITLEMENTS = TestHost/TestHost.entitlements;
				CODE_SIGN_STYLE = Automatic;
				COPY_PHASE_STRIP = NO;
				CURRENT_PROJECT_VERSION = 1;
				DEVELOPMENT_ASSET_PATHS = "\"TestHost/Preview Content\"";
				ENABLE_NS_ASSERTIONS = NO;
				ENABLE_PREVIEWS = YES;
				ENABLE_USER_SCRIPT_SANDBOXING = YES;
				GCC_C_LANGUAGE_STANDARD = gnu17;
				GCC_WARN_ABOUT_RETURN_TYPE = YES_ERROR;
				GCC_WARN_UNINITIALIZED_AUTOS = YES_AGGRESSIVE;
				GENERATE_INFOPLIST_FILE = YES;
				"INFOPLIST_KEY_UIApplicationSceneManifest_Generation[sdk=iphoneos*]" = YES;
				"INFOPLIST_KEY_UIApplicationSceneManifest_Generation[sdk=iphonesimulator*]" = YES;
				"INFOPLIST_KEY_UIApplicationSupportsIndirectInputEvents[sdk=iphoneos*]" = YES;
				"INFOPLIST_KEY_UIApplicationSupportsIndirectInputEvents[sdk=iphonesimulator*]" = YES;
				"INFOPLIST_KEY_UILaunchScreen_Generation[sdk=iphoneos*]" = YES;
				"INFOPLIST_KEY_UILaunchScreen_Generation[sdk=iphonesimulator*]" = YES;
				"INFOPLIST_KEY_UIStatusBarStyle[sdk=iphoneos*]" = UIStatusBarStyleDefault;
				"INFOPLIST_KEY_UIStatusBarStyle[sdk=iphonesimulator*]" = UIStatusBarStyleDefault;
				INFOPLIST_KEY_UISupportedInterfaceOrientations_iPad = "UIInterfaceOrientationPortrait UIInterfaceOrientationPortraitUpsideDown UIInterfaceOrientationLandscapeLeft UIInterfaceOrientationLandscapeRight";
				INFOPLIST_KEY_UISupportedInterfaceOrientations_iPhone = "UIInterfaceOrientationPortrait UIInterfaceOrientationLandscapeLeft UIInterfaceOrientationLandscapeRight";
				IPHONEOS_DEPLOYMENT_TARGET = 16.0;
				LD_RUNPATH_SEARCH_PATHS = "@executable_path/Frameworks";
				"LD_RUNPATH_SEARCH_PATHS[sdk=macosx*]" = "@executable_path/../Frameworks";
				LOCALIZATION_PREFERS_STRING_CATALOGS = YES;
				MACOSX_DEPLOYMENT_TARGET = 13.0;
				MARKETING_VERSION = 1.0;
				MTL_ENABLE_DEBUG_INFO = NO;
				MTL_FAST_MATH = YES;
				PRODUCT_BUNDLE_IDENTIFIER = edu.netrecon.usc.TestHost;
				PRODUCT_NAME = "$(TARGET_NAME)";
				SDKROOT = auto;
				SUPPORTED_PLATFORMS = "iphoneos iphonesimulator macosx xros xrsimulator watchos";
				SUPPORTS_MACCATALYST = NO;
				SWIFT_EMIT_LOC_STRINGS = YES;
				SWIFT_VERSION = 5.0;
				TARGETED_DEVICE_FAMILY = "1,2,7";
				WATCHOS_DEPLOYMENT_TARGET = 9.0;
			};
			name = Release;
		};
		OBJ_3 /* Debug */ = {
			isa = XCBuildConfiguration;
			buildSettings = {
				ASSETCATALOG_COMPILER_GENERATE_SWIFT_ASSET_SYMBOL_EXTENSIONS = YES;
				CLANG_ENABLE_OBJC_ARC = YES;
				CLANG_WARN_BLOCK_CAPTURE_AUTORELEASING = YES;
				CLANG_WARN_BOOL_CONVERSION = YES;
				CLANG_WARN_COMMA = YES;
				CLANG_WARN_CONSTANT_CONVERSION = YES;
				CLANG_WARN_DEPRECATED_OBJC_IMPLEMENTATIONS = YES;
				CLANG_WARN_EMPTY_BODY = YES;
				CLANG_WARN_ENUM_CONVERSION = YES;
				CLANG_WARN_INFINITE_RECURSION = YES;
				CLANG_WARN_INT_CONVERSION = YES;
				CLANG_WARN_NON_LITERAL_NULL_CONVERSION = YES;
				CLANG_WARN_OBJC_IMPLICIT_RETAIN_SELF = YES;
				CLANG_WARN_OBJC_LITERAL_CONVERSION = YES;
				CLANG_WARN_QUOTED_INCLUDE_IN_FRAMEWORK_HEADER = YES;
				CLANG_WARN_RANGE_LOOP_ANALYSIS = YES;
				CLANG_WARN_STRICT_PROTOTYPES = YES;
				CLANG_WARN_SUSPICIOUS_MOVE = YES;
				CLANG_WARN_UNREACHABLE_CODE = YES;
				CLANG_WARN__DUPLICATE_METHOD_MATCH = YES;
				COMBINE_HIDPI_IMAGES = YES;
				COPY_PHASE_STRIP = NO;
				DEAD_CODE_STRIPPING = YES;
				DEBUG_INFORMATION_FORMAT = dwarf;
				DYLIB_INSTALL_NAME_BASE = "@rpath";
				ENABLE_NS_ASSERTIONS = YES;
				ENABLE_STRICT_OBJC_MSGSEND = YES;
				ENABLE_TESTABILITY = YES;
				ENABLE_USER_SCRIPT_SANDBOXING = NO;
				GCC_NO_COMMON_BLOCKS = YES;
				GCC_OPTIMIZATION_LEVEL = 0;
				GCC_PREPROCESSOR_DEFINITIONS = (
					"$(inherited)",
					"SWIFT_PACKAGE=1",
					"DEBUG=1",
				);
				GCC_WARN_64_TO_32_BIT_CONVERSION = YES;
				GCC_WARN_ABOUT_RETURN_TYPE = YES;
				GCC_WARN_UNDECLARED_SELECTOR = YES;
				GCC_WARN_UNINITIALIZED_AUTOS = YES;
				GCC_WARN_UNUSED_FUNCTION = YES;
				GCC_WARN_UNUSED_VARIABLE = YES;
				IPHONEOS_DEPLOYMENT_TARGET = 14.0;
				MACOSX_DEPLOYMENT_TARGET = 13.0;
				ONLY_ACTIVE_ARCH = YES;
				OTHER_SWIFT_FLAGS = "$(inherited) -DXcode";
				PRODUCT_NAME = "$(TARGET_NAME)";
				SDKROOT = macosx;
				SUPPORTED_PLATFORMS = "$(AVAILABLE_PLATFORMS)";
				SUPPORTS_MACCATALYST = YES;
				SWIFT_ACTIVE_COMPILATION_CONDITIONS = "$(inherited) SWIFT_PACKAGE DEBUG";
				SWIFT_EMIT_LOC_STRINGS = YES;
				SWIFT_OPTIMIZATION_LEVEL = "-Onone";
				USE_HEADERMAP = NO;
				WATCHOS_DEPLOYMENT_TARGET = 7.0;
				XROS_DEPLOYMENT_TARGET = 1.0;
			};
			name = Debug;
		};
		OBJ_4 /* Release */ = {
			isa = XCBuildConfiguration;
			buildSettings = {
				ASSETCATALOG_COMPILER_GENERATE_SWIFT_ASSET_SYMBOL_EXTENSIONS = YES;
				CLANG_ENABLE_OBJC_ARC = YES;
				CLANG_WARN_BLOCK_CAPTURE_AUTORELEASING = YES;
				CLANG_WARN_BOOL_CONVERSION = YES;
				CLANG_WARN_COMMA = YES;
				CLANG_WARN_CONSTANT_CONVERSION = YES;
				CLANG_WARN_DEPRECATED_OBJC_IMPLEMENTATIONS = YES;
				CLANG_WARN_EMPTY_BODY = YES;
				CLANG_WARN_ENUM_CONVERSION = YES;
				CLANG_WARN_INFINITE_RECURSION = YES;
				CLANG_WARN_INT_CONVERSION = YES;
				CLANG_WARN_NON_LITERAL_NULL_CONVERSION = YES;
				CLANG_WARN_OBJC_IMPLICIT_RETAIN_SELF = YES;
				CLANG_WARN_OBJC_LITERAL_CONVERSION = YES;
				CLANG_WARN_QUOTED_INCLUDE_IN_FRAMEWORK_HEADER = YES;
				CLANG_WARN_RANGE_LOOP_ANALYSIS = YES;
				CLANG_WARN_STRICT_PROTOTYPES = YES;
				CLANG_WARN_SUSPICIOUS_MOVE = YES;
				CLANG_WARN_UNREACHABLE_CODE = YES;
				CLANG_WARN__DUPLICATE_METHOD_MATCH = YES;
				COMBINE_HIDPI_IMAGES = YES;
				COPY_PHASE_STRIP = YES;
				DEAD_CODE_STRIPPING = YES;
				DEBUG_INFORMATION_FORMAT = "dwarf-with-dsym";
				DYLIB_INSTALL_NAME_BASE = "@rpath";
				ENABLE_STRICT_OBJC_MSGSEND = YES;
				ENABLE_USER_SCRIPT_SANDBOXING = NO;
				GCC_NO_COMMON_BLOCKS = YES;
				GCC_OPTIMIZATION_LEVEL = s;
				GCC_PREPROCESSOR_DEFINITIONS = (
					"$(inherited)",
					"SWIFT_PACKAGE=1",
				);
				GCC_WARN_64_TO_32_BIT_CONVERSION = YES;
				GCC_WARN_ABOUT_RETURN_TYPE = YES;
				GCC_WARN_UNDECLARED_SELECTOR = YES;
				GCC_WARN_UNINITIALIZED_AUTOS = YES;
				GCC_WARN_UNUSED_FUNCTION = YES;
				GCC_WARN_UNUSED_VARIABLE = YES;
				IPHONEOS_DEPLOYMENT_TARGET = 14.0;
				MACOSX_DEPLOYMENT_TARGET = 13.0;
				OTHER_SWIFT_FLAGS = "$(inherited) -DXcode";
				PRODUCT_NAME = "$(TARGET_NAME)";
				SDKROOT = macosx;
				SUPPORTED_PLATFORMS = "$(AVAILABLE_PLATFORMS)";
				SUPPORTS_MACCATALYST = YES;
				SWIFT_ACTIVE_COMPILATION_CONDITIONS = "$(inherited) SWIFT_PACKAGE";
				SWIFT_COMPILATION_MODE = wholemodule;
				SWIFT_EMIT_LOC_STRINGS = YES;
				SWIFT_OPTIMIZATION_LEVEL = "-O";
				USE_HEADERMAP = NO;
				WATCHOS_DEPLOYMENT_TARGET = 7.0;
				XROS_DEPLOYMENT_TARGET = 1.0;
			};
			name = Release;
		};
		OBJ_737 /* Debug */ = {
			isa = XCBuildConfiguration;
			buildSettings = {
				CODE_SIGN_IDENTITY = "";
				CURRENT_PROJECT_VERSION = 1;
				DEAD_CODE_STRIPPING = YES;
				DRIVERKIT_DEPLOYMENT_TARGET = 19.0;
				ENABLE_TESTABILITY = YES;
				FRAMEWORK_SEARCH_PATHS = (
					"$(inherited)",
					"$(PLATFORM_DIR)/Developer/Library/Frameworks",
				);
				HEADER_SEARCH_PATHS = "$(inherited)";
				INFOPLIST_FILE = CareKitEssentials.xcodeproj/CareKitEssentials_Info.plist;
				IPHONEOS_DEPLOYMENT_TARGET = 16.0;
				LD_RUNPATH_SEARCH_PATHS = (
					"$(inherited)",
					"$(TOOLCHAIN_DIR)/usr/lib/swift/macosx",
				);
				MACOSX_DEPLOYMENT_TARGET = 13.0;
				OTHER_CFLAGS = "$(inherited)";
				OTHER_LDFLAGS = "$(inherited)";
				OTHER_SWIFT_FLAGS = "$(inherited)";
				PRODUCT_BUNDLE_IDENTIFIER = CareKitEssentials;
				PRODUCT_MODULE_NAME = "$(TARGET_NAME:c99extidentifier)";
				PRODUCT_NAME = "$(TARGET_NAME:c99extidentifier)";
				SDKROOT = iphoneos;
				SKIP_INSTALL = YES;
				SUPPORTED_PLATFORMS = "iphoneos iphonesimulator macosx watchos watchsimulator xros xrsimulator";
				SUPPORTS_MACCATALYST = YES;
				SUPPORTS_MAC_DESIGNED_FOR_IPHONE_IPAD = NO;
				SWIFT_ACTIVE_COMPILATION_CONDITIONS = "$(inherited)";
				SWIFT_VERSION = 5.0;
				TARGETED_DEVICE_FAMILY = "1,4,7";
				TARGET_NAME = CareKitEssentials;
				TVOS_DEPLOYMENT_TARGET = 12.0;
				WATCHOS_DEPLOYMENT_TARGET = 9.0;
			};
			name = Debug;
		};
		OBJ_738 /* Release */ = {
			isa = XCBuildConfiguration;
			buildSettings = {
				CODE_SIGN_IDENTITY = "";
				CURRENT_PROJECT_VERSION = 1;
				DEAD_CODE_STRIPPING = YES;
				DRIVERKIT_DEPLOYMENT_TARGET = 19.0;
				ENABLE_TESTABILITY = YES;
				FRAMEWORK_SEARCH_PATHS = (
					"$(inherited)",
					"$(PLATFORM_DIR)/Developer/Library/Frameworks",
				);
				HEADER_SEARCH_PATHS = "$(inherited)";
				INFOPLIST_FILE = CareKitEssentials.xcodeproj/CareKitEssentials_Info.plist;
				IPHONEOS_DEPLOYMENT_TARGET = 16.0;
				LD_RUNPATH_SEARCH_PATHS = (
					"$(inherited)",
					"$(TOOLCHAIN_DIR)/usr/lib/swift/macosx",
				);
				MACOSX_DEPLOYMENT_TARGET = 13.0;
				OTHER_CFLAGS = "$(inherited)";
				OTHER_LDFLAGS = "$(inherited)";
				OTHER_SWIFT_FLAGS = "$(inherited)";
				PRODUCT_BUNDLE_IDENTIFIER = CareKitEssentials;
				PRODUCT_MODULE_NAME = "$(TARGET_NAME:c99extidentifier)";
				PRODUCT_NAME = "$(TARGET_NAME:c99extidentifier)";
				SDKROOT = iphoneos;
				SKIP_INSTALL = YES;
				SUPPORTED_PLATFORMS = "iphoneos iphonesimulator macosx watchos watchsimulator xros xrsimulator";
				SUPPORTS_MACCATALYST = YES;
				SUPPORTS_MAC_DESIGNED_FOR_IPHONE_IPAD = NO;
				SWIFT_ACTIVE_COMPILATION_CONDITIONS = "$(inherited)";
				SWIFT_VERSION = 5.0;
				TARGETED_DEVICE_FAMILY = "1,4,7";
				TARGET_NAME = CareKitEssentials;
				TVOS_DEPLOYMENT_TARGET = 12.0;
				WATCHOS_DEPLOYMENT_TARGET = 9.0;
			};
			name = Release;
		};
		OBJ_788 /* Debug */ = {
			isa = XCBuildConfiguration;
			buildSettings = {
				CLANG_ENABLE_MODULES = YES;
				CURRENT_PROJECT_VERSION = 1;
				DEAD_CODE_STRIPPING = YES;
				DRIVERKIT_DEPLOYMENT_TARGET = 19.0;
				FRAMEWORK_SEARCH_PATHS = (
					"$(inherited)",
					"$(PLATFORM_DIR)/Developer/Library/Frameworks",
				);
				HEADER_SEARCH_PATHS = "$(inherited)";
				INFOPLIST_FILE = CareKitEssentials.xcodeproj/CareKitEssentialsTests_Info.plist;
				IPHONEOS_DEPLOYMENT_TARGET = 16.0;
				LD_RUNPATH_SEARCH_PATHS = (
					"$(inherited)",
					"@loader_path/../Frameworks",
					"@loader_path/Frameworks",
				);
				MACOSX_DEPLOYMENT_TARGET = 13.0;
				OTHER_CFLAGS = "$(inherited)";
				OTHER_LDFLAGS = "$(inherited)";
				OTHER_SWIFT_FLAGS = "$(inherited)";
				SUPPORTED_PLATFORMS = "iphoneos iphonesimulator macosx watchos watchsimulator xros xrsimulator";
				SUPPORTS_MACCATALYST = YES;
				SUPPORTS_MAC_DESIGNED_FOR_IPHONE_IPAD = NO;
				SWIFT_ACTIVE_COMPILATION_CONDITIONS = "$(inherited)";
				SWIFT_VERSION = 5.0;
				TARGETED_DEVICE_FAMILY = "1,4,7";
				TARGET_NAME = CareKitEssentialsTests;
				TEST_HOST = "$(BUILT_PRODUCTS_DIR)/TestHost.app/$(BUNDLE_EXECUTABLE_FOLDER_PATH)/TestHost";
				TVOS_DEPLOYMENT_TARGET = 14.0;
				WATCHOS_DEPLOYMENT_TARGET = 9.0;
			};
			name = Debug;
		};
		OBJ_789 /* Release */ = {
			isa = XCBuildConfiguration;
			buildSettings = {
				CLANG_ENABLE_MODULES = YES;
				CURRENT_PROJECT_VERSION = 1;
				DEAD_CODE_STRIPPING = YES;
				DRIVERKIT_DEPLOYMENT_TARGET = 19.0;
				FRAMEWORK_SEARCH_PATHS = (
					"$(inherited)",
					"$(PLATFORM_DIR)/Developer/Library/Frameworks",
				);
				HEADER_SEARCH_PATHS = "$(inherited)";
				INFOPLIST_FILE = CareKitEssentials.xcodeproj/CareKitEssentialsTests_Info.plist;
				IPHONEOS_DEPLOYMENT_TARGET = 16.0;
				LD_RUNPATH_SEARCH_PATHS = (
					"$(inherited)",
					"@loader_path/../Frameworks",
					"@loader_path/Frameworks",
				);
				MACOSX_DEPLOYMENT_TARGET = 13.0;
				OTHER_CFLAGS = "$(inherited)";
				OTHER_LDFLAGS = "$(inherited)";
				OTHER_SWIFT_FLAGS = "$(inherited)";
				SUPPORTED_PLATFORMS = "iphoneos iphonesimulator macosx watchos watchsimulator xros xrsimulator";
				SUPPORTS_MACCATALYST = YES;
				SUPPORTS_MAC_DESIGNED_FOR_IPHONE_IPAD = NO;
				SWIFT_ACTIVE_COMPILATION_CONDITIONS = "$(inherited)";
				SWIFT_VERSION = 5.0;
				TARGETED_DEVICE_FAMILY = "1,4,7";
				TARGET_NAME = CareKitEssentialsTests;
				TEST_HOST = "$(BUILT_PRODUCTS_DIR)/TestHost.app/$(BUNDLE_EXECUTABLE_FOLDER_PATH)/TestHost";
				TVOS_DEPLOYMENT_TARGET = 14.0;
				WATCHOS_DEPLOYMENT_TARGET = 9.0;
			};
			name = Release;
		};
/* End XCBuildConfiguration section */

/* Begin XCConfigurationList section */
		70C422DB2C3B6C7600E6DC51 /* Build configuration list for PBXNativeTarget "TestHost" */ = {
			isa = XCConfigurationList;
			buildConfigurations = (
				70C422DC2C3B6C7600E6DC51 /* Debug */,
				70C422DD2C3B6C7600E6DC51 /* Release */,
			);
			defaultConfigurationIsVisible = 0;
			defaultConfigurationName = Release;
		};
		OBJ_2 /* Build configuration list for PBXProject "CareKitEssentials" */ = {
			isa = XCConfigurationList;
			buildConfigurations = (
				OBJ_3 /* Debug */,
				OBJ_4 /* Release */,
			);
			defaultConfigurationIsVisible = 0;
			defaultConfigurationName = Release;
		};
		OBJ_736 /* Build configuration list for PBXNativeTarget "CareKitEssentials" */ = {
			isa = XCConfigurationList;
			buildConfigurations = (
				OBJ_737 /* Debug */,
				OBJ_738 /* Release */,
			);
			defaultConfigurationIsVisible = 0;
			defaultConfigurationName = Release;
		};
		OBJ_787 /* Build configuration list for PBXNativeTarget "CareKitEssentialsTests" */ = {
			isa = XCConfigurationList;
			buildConfigurations = (
				OBJ_788 /* Debug */,
				OBJ_789 /* Release */,
			);
			defaultConfigurationIsVisible = 0;
			defaultConfigurationName = Release;
		};
/* End XCConfigurationList section */

/* Begin XCRemoteSwiftPackageReference section */
		91F46E132A11C1A2002EBDDD /* XCRemoteSwiftPackageReference "CareKit" */ = {
			isa = XCRemoteSwiftPackageReference;
			repositoryURL = "https://github.com/cbaker6/CareKit.git";
			requirement = {
				kind = upToNextMajorVersion;
				minimumVersion = "3.0.0-beta.44";
			};
		};
/* End XCRemoteSwiftPackageReference section */

/* Begin XCSwiftPackageProductDependency section */
		91F46E142A11C1A2002EBDDD /* CareKit */ = {
			isa = XCSwiftPackageProductDependency;
			package = 91F46E132A11C1A2002EBDDD /* XCRemoteSwiftPackageReference "CareKit" */;
			productName = CareKit;
		};
		91F46E162A11C1A2002EBDDD /* CareKitStore */ = {
			isa = XCSwiftPackageProductDependency;
			package = 91F46E132A11C1A2002EBDDD /* XCRemoteSwiftPackageReference "CareKit" */;
			productName = CareKitStore;
		};
		91F46E182A11C1A2002EBDDD /* CareKitUI */ = {
			isa = XCSwiftPackageProductDependency;
			package = 91F46E132A11C1A2002EBDDD /* XCRemoteSwiftPackageReference "CareKit" */;
			productName = CareKitUI;
		};
/* End XCSwiftPackageProductDependency section */
	};
	rootObject = OBJ_1 /* Project object */;
}
